
Microsoft Visual Studio Solution File, Format Version 12.00
# Visual Studio 15
VisualStudioVersion = 15.0.26124.0
MinimumVisualStudioVersion = 15.0.26124.0
Project("{FAE04EC0-301F-11D3-BF4B-00C04F79EFBC}") = "SortingNumbers", "SortingNumbers\SortingNumbers.csproj", "{A405AB14-FC74-435B-9271-C530EE11EC49}"
EndProject
Project("{FAE04EC0-301F-11D3-BF4B-00C04F79EFBC}") = "Action", "Action\Action.csproj", "{68C4C6AA-58FF-4730-BD11-975BD740C652}"
EndProject
Project("{FAE04EC0-301F-11D3-BF4B-00C04F79EFBC}") = "CustomMin", "CustomMin\CustomMin.csproj", "{D6CA134D-2454-4A51-B6ED-557329136999}"
EndProject
Project("{FAE04EC0-301F-11D3-BF4B-00C04F79EFBC}") = "FindOddEven", "FindOddEven\FindOddEven.csproj", "{052DE253-6780-4403-A97C-770EC2D7A132}"
EndProject
Project("{FAE04EC0-301F-11D3-BF4B-00C04F79EFBC}") = "Arithmetics", "Arithmetics\Arithmetics.csproj", "{3C43F5FC-AE03-4D43-95E9-02B36B4F414B}"
EndProject
Project("{FAE04EC0-301F-11D3-BF4B-00C04F79EFBC}") = "ReverseAndExecute", "ReverseAndExecute\ReverseAndExecute.csproj", "{4164A90B-EE47-47AD-80F6-E89632E115B1}"
EndProject
Project("{FAE04EC0-301F-11D3-BF4B-00C04F79EFBC}") = "NamePredicates", "NamePredicates\NamePredicates.csproj", "{CDB92940-C246-41A1-A74F-88E93EE4924A}"
EndProject
Project("{FAE04EC0-301F-11D3-BF4B-00C04F79EFBC}") = "UserComparer", "UserComparer\UserComparer.csproj", "{68C4FE8D-98B3-400D-988F-D6BBBA54A787}"
EndProject
Global
	GlobalSection(SolutionConfigurationPlatforms) = preSolution
		Debug|Any CPU = Debug|Any CPU
		Debug|x64 = Debug|x64
		Debug|x86 = Debug|x86
		Release|Any CPU = Release|Any CPU
		Release|x64 = Release|x64
		Release|x86 = Release|x86
	EndGlobalSection
	GlobalSection(SolutionProperties) = preSolution
		HideSolutionNode = FALSE
	EndGlobalSection
	GlobalSection(ProjectConfigurationPlatforms) = postSolution
		{A405AB14-FC74-435B-9271-C530EE11EC49}.Debug|Any CPU.ActiveCfg = Debug|Any CPU
		{A405AB14-FC74-435B-9271-C530EE11EC49}.Debug|Any CPU.Build.0 = Debug|Any CPU
		{A405AB14-FC74-435B-9271-C530EE11EC49}.Debug|x64.ActiveCfg = Debug|Any CPU
		{A405AB14-FC74-435B-9271-C530EE11EC49}.Debug|x64.Build.0 = Debug|Any CPU
		{A405AB14-FC74-435B-9271-C530EE11EC49}.Debug|x86.ActiveCfg = Debug|Any CPU
		{A405AB14-FC74-435B-9271-C530EE11EC49}.Debug|x86.Build.0 = Debug|Any CPU
		{A405AB14-FC74-435B-9271-C530EE11EC49}.Release|Any CPU.ActiveCfg = Release|Any CPU
		{A405AB14-FC74-435B-9271-C530EE11EC49}.Release|Any CPU.Build.0 = Release|Any CPU
		{A405AB14-FC74-435B-9271-C530EE11EC49}.Release|x64.ActiveCfg = Release|Any CPU
		{A405AB14-FC74-435B-9271-C530EE11EC49}.Release|x64.Build.0 = Release|Any CPU
		{A405AB14-FC74-435B-9271-C530EE11EC49}.Release|x86.ActiveCfg = Release|Any CPU
		{A405AB14-FC74-435B-9271-C530EE11EC49}.Release|x86.Build.0 = Release|Any CPU
		{68C4C6AA-58FF-4730-BD11-975BD740C652}.Debug|Any CPU.ActiveCfg = Debug|Any CPU
		{68C4C6AA-58FF-4730-BD11-975BD740C652}.Debug|Any CPU.Build.0 = Debug|Any CPU
		{68C4C6AA-58FF-4730-BD11-975BD740C652}.Debug|x64.ActiveCfg = Debug|Any CPU
		{68C4C6AA-58FF-4730-BD11-975BD740C652}.Debug|x64.Build.0 = Debug|Any CPU
		{68C4C6AA-58FF-4730-BD11-975BD740C652}.Debug|x86.ActiveCfg = Debug|Any CPU
		{68C4C6AA-58FF-4730-BD11-975BD740C652}.Debug|x86.Build.0 = Debug|Any CPU
		{68C4C6AA-58FF-4730-BD11-975BD740C652}.Release|Any CPU.ActiveCfg = Release|Any CPU
		{68C4C6AA-58FF-4730-BD11-975BD740C652}.Release|Any CPU.Build.0 = Release|Any CPU
		{68C4C6AA-58FF-4730-BD11-975BD740C652}.Release|x64.ActiveCfg = Release|Any CPU
		{68C4C6AA-58FF-4730-BD11-975BD740C652}.Release|x64.Build.0 = Release|Any CPU
		{68C4C6AA-58FF-4730-BD11-975BD740C652}.Release|x86.ActiveCfg = Release|Any CPU
		{68C4C6AA-58FF-4730-BD11-975BD740C652}.Release|x86.Build.0 = Release|Any CPU
		{D6CA134D-2454-4A51-B6ED-557329136999}.Debug|Any CPU.ActiveCfg = Debug|Any CPU
		{D6CA134D-2454-4A51-B6ED-557329136999}.Debug|Any CPU.Build.0 = Debug|Any CPU
		{D6CA134D-2454-4A51-B6ED-557329136999}.Debug|x64.ActiveCfg = Debug|Any CPU
		{D6CA134D-2454-4A51-B6ED-557329136999}.Debug|x64.Build.0 = Debug|Any CPU
		{D6CA134D-2454-4A51-B6ED-557329136999}.Debug|x86.ActiveCfg = Debug|Any CPU
		{D6CA134D-2454-4A51-B6ED-557329136999}.Debug|x86.Build.0 = Debug|Any CPU
		{D6CA134D-2454-4A51-B6ED-557329136999}.Release|Any CPU.ActiveCfg = Release|Any CPU
		{D6CA134D-2454-4A51-B6ED-557329136999}.Release|Any CPU.Build.0 = Release|Any CPU
		{D6CA134D-2454-4A51-B6ED-557329136999}.Release|x64.ActiveCfg = Release|Any CPU
		{D6CA134D-2454-4A51-B6ED-557329136999}.Release|x64.Build.0 = Release|Any CPU
		{D6CA134D-2454-4A51-B6ED-557329136999}.Release|x86.ActiveCfg = Release|Any CPU
		{D6CA134D-2454-4A51-B6ED-557329136999}.Release|x86.Build.0 = Release|Any CPU
		{052DE253-6780-4403-A97C-770EC2D7A132}.Debug|Any CPU.ActiveCfg = Debug|Any CPU
		{052DE253-6780-4403-A97C-770EC2D7A132}.Debug|Any CPU.Build.0 = Debug|Any CPU
		{052DE253-6780-4403-A97C-770EC2D7A132}.Debug|x64.ActiveCfg = Debug|Any CPU
		{052DE253-6780-4403-A97C-770EC2D7A132}.Debug|x64.Build.0 = Debug|Any CPU
		{052DE253-6780-4403-A97C-770EC2D7A132}.Debug|x86.ActiveCfg = Debug|Any CPU
		{052DE253-6780-4403-A97C-770EC2D7A132}.Debug|x86.Build.0 = Debug|Any CPU
		{052DE253-6780-4403-A97C-770EC2D7A132}.Release|Any CPU.ActiveCfg = Release|Any CPU
		{052DE253-6780-4403-A97C-770EC2D7A132}.Release|Any CPU.Build.0 = Release|Any CPU
		{052DE253-6780-4403-A97C-770EC2D7A132}.Release|x64.ActiveCfg = Release|Any CPU
		{052DE253-6780-4403-A97C-770EC2D7A132}.Release|x64.Build.0 = Release|Any CPU
		{052DE253-6780-4403-A97C-770EC2D7A132}.Release|x86.ActiveCfg = Release|Any CPU
		{052DE253-6780-4403-A97C-770EC2D7A132}.Release|x86.Build.0 = Release|Any CPU
		{3C43F5FC-AE03-4D43-95E9-02B36B4F414B}.Debug|Any CPU.ActiveCfg = Debug|Any CPU
		{3C43F5FC-AE03-4D43-95E9-02B36B4F414B}.Debug|Any CPU.Build.0 = Debug|Any CPU
		{3C43F5FC-AE03-4D43-95E9-02B36B4F414B}.Debug|x64.ActiveCfg = Debug|Any CPU
		{3C43F5FC-AE03-4D43-95E9-02B36B4F414B}.Debug|x64.Build.0 = Debug|Any CPU
		{3C43F5FC-AE03-4D43-95E9-02B36B4F414B}.Debug|x86.ActiveCfg = Debug|Any CPU
		{3C43F5FC-AE03-4D43-95E9-02B36B4F414B}.Debug|x86.Build.0 = Debug|Any CPU
		{3C43F5FC-AE03-4D43-95E9-02B36B4F414B}.Release|Any CPU.ActiveCfg = Release|Any CPU
		{3C43F5FC-AE03-4D43-95E9-02B36B4F414B}.Release|Any CPU.Build.0 = Release|Any CPU
		{3C43F5FC-AE03-4D43-95E9-02B36B4F414B}.Release|x64.ActiveCfg = Release|Any CPU
		{3C43F5FC-AE03-4D43-95E9-02B36B4F414B}.Release|x64.Build.0 = Release|Any CPU
		{3C43F5FC-AE03-4D43-95E9-02B36B4F414B}.Release|x86.ActiveCfg = Release|Any CPU
		{3C43F5FC-AE03-4D43-95E9-02B36B4F414B}.Release|x86.Build.0 = Release|Any CPU
		{4164A90B-EE47-47AD-80F6-E89632E115B1}.Debug|Any CPU.ActiveCfg = Debug|Any CPU
		{4164A90B-EE47-47AD-80F6-E89632E115B1}.Debug|Any CPU.Build.0 = Debug|Any CPU
		{4164A90B-EE47-47AD-80F6-E89632E115B1}.Debug|x64.ActiveCfg = Debug|Any CPU
		{4164A90B-EE47-47AD-80F6-E89632E115B1}.Debug|x64.Build.0 = Debug|Any CPU
		{4164A90B-EE47-47AD-80F6-E89632E115B1}.Debug|x86.ActiveCfg = Debug|Any CPU
		{4164A90B-EE47-47AD-80F6-E89632E115B1}.Debug|x86.Build.0 = Debug|Any CPU
		{4164A90B-EE47-47AD-80F6-E89632E115B1}.Release|Any CPU.ActiveCfg = Release|Any CPU
		{4164A90B-EE47-47AD-80F6-E89632E115B1}.Release|Any CPU.Build.0 = Release|Any CPU
		{4164A90B-EE47-47AD-80F6-E89632E115B1}.Release|x64.ActiveCfg = Release|Any CPU
		{4164A90B-EE47-47AD-80F6-E89632E115B1}.Release|x64.Build.0 = Release|Any CPU
		{4164A90B-EE47-47AD-80F6-E89632E115B1}.Release|x86.ActiveCfg = Release|Any CPU
		{4164A90B-EE47-47AD-80F6-E89632E115B1}.Release|x86.Build.0 = Release|Any CPU
		{CDB92940-C246-41A1-A74F-88E93EE4924A}.Debug|Any CPU.ActiveCfg = Debug|Any CPU
		{CDB92940-C246-41A1-A74F-88E93EE4924A}.Debug|Any CPU.Build.0 = Debug|Any CPU
		{CDB92940-C246-41A1-A74F-88E93EE4924A}.Debug|x64.ActiveCfg = Debug|Any CPU
		{CDB92940-C246-41A1-A74F-88E93EE4924A}.Debug|x64.Build.0 = Debug|Any CPU
		{CDB92940-C246-41A1-A74F-88E93EE4924A}.Debug|x86.ActiveCfg = Debug|Any CPU
		{CDB92940-C246-41A1-A74F-88E93EE4924A}.Debug|x86.Build.0 = Debug|Any CPU
		{CDB92940-C246-41A1-A74F-88E93EE4924A}.Release|Any CPU.ActiveCfg = Release|Any CPU
		{CDB92940-C246-41A1-A74F-88E93EE4924A}.Release|Any CPU.Build.0 = Release|Any CPU
		{CDB92940-C246-41A1-A74F-88E93EE4924A}.Release|x64.ActiveCfg = Release|Any CPU
		{CDB92940-C246-41A1-A74F-88E93EE4924A}.Release|x64.Build.0 = Release|Any CPU
		{CDB92940-C246-41A1-A74F-88E93EE4924A}.Release|x86.ActiveCfg = Release|Any CPU
		{CDB92940-C246-41A1-A74F-88E93EE4924A}.Release|x86.Build.0 = Release|Any CPU
		{68C4FE8D-98B3-400D-988F-D6BBBA54A787}.Debug|Any CPU.ActiveCfg = Debug|Any CPU
		{68C4FE8D-98B3-400D-988F-D6BBBA54A787}.Debug|Any CPU.Build.0 = Debug|Any CPU
		{68C4FE8D-98B3-400D-988F-D6BBBA54A787}.Debug|x64.ActiveCfg = Debug|Any CPU
		{68C4FE8D-98B3-400D-988F-D6BBBA54A787}.Debug|x64.Build.0 = Debug|Any CPU
		{68C4FE8D-98B3-400D-988F-D6BBBA54A787}.Debug|x86.ActiveCfg = Debug|Any CPU
		{68C4FE8D-98B3-400D-988F-D6BBBA54A787}.Debug|x86.Build.0 = Debug|Any CPU
		{68C4FE8D-98B3-400D-988F-D6BBBA54A787}.Release|Any CPU.ActiveCfg = Release|Any CPU
		{68C4FE8D-98B3-400D-988F-D6BBBA54A787}.Release|Any CPU.Build.0 = Release|Any CPU
		{68C4FE8D-98B3-400D-988F-D6BBBA54A787}.Release|x64.ActiveCfg = Release|Any CPU
		{68C4FE8D-98B3-400D-988F-D6BBBA54A787}.Release|x64.Build.0 = Release|Any CPU
		{68C4FE8D-98B3-400D-988F-D6BBBA54A787}.Release|x86.ActiveCfg = Release|Any CPU
		{68C4FE8D-98B3-400D-988F-D6BBBA54A787}.Release|x86.Build.0 = Release|Any CPU
	EndGlobalSection
EndGlobal
