
Microsoft Visual Studio Solution File, Format Version 12.00
# Visual Studio Version 16
VisualStudioVersion = 16.0.29509.3
MinimumVisualStudioVersion = 10.0.40219.1
Project("{FAE04EC0-301F-11D3-BF4B-00C04F79EFBC}") = "Data", "Data\Data.csproj", "{AE7E4D7A-7EB0-47A7-9CE2-9B564BBB8686}"
EndProject
Project("{FAE04EC0-301F-11D3-BF4B-00C04F79EFBC}") = "Web", "Web\Web.csproj", "{F3DE2956-7785-4499-B149-C79013A54289}"
EndProject
Global
	GlobalSection(SolutionConfigurationPlatforms) = preSolution
		Debug|Any CPU = Debug|Any CPU
		Release|Any CPU = Release|Any CPU
	EndGlobalSection
	GlobalSection(ProjectConfigurationPlatforms) = postSolution
		{AE7E4D7A-7EB0-47A7-9CE2-9B564BBB8686}.Debug|Any CPU.ActiveCfg = Debug|Any CPU
		{AE7E4D7A-7EB0-47A7-9CE2-9B564BBB8686}.Debug|Any CPU.Build.0 = Debug|Any CPU
		{AE7E4D7A-7EB0-47A7-9CE2-9B564BBB8686}.Release|Any CPU.ActiveCfg = Release|Any CPU
		{AE7E4D7A-7EB0-47A7-9CE2-9B564BBB8686}.Release|Any CPU.Build.0 = Release|Any CPU
		{F3DE2956-7785-4499-B149-C79013A54289}.Debug|Any CPU.ActiveCfg = Debug|Any CPU
		{F3DE2956-7785-4499-B149-C79013A54289}.Debug|Any CPU.Build.0 = Debug|Any CPU
		{F3DE2956-7785-4499-B149-C79013A54289}.Release|Any CPU.ActiveCfg = Release|Any CPU
		{F3DE2956-7785-4499-B149-C79013A54289}.Release|Any CPU.Build.0 = Release|Any CPU
	EndGlobalSection
	GlobalSection(SolutionProperties) = preSolution
		HideSolutionNode = FALSE
	EndGlobalSection
	GlobalSection(ExtensibilityGlobals) = postSolution
		SolutionGuid = {D0C76A08-452B-472A-A6B5-2888494A7D29}
	EndGlobalSection
EndGlobal
