
Microsoft Visual Studio Solution File, Format Version 12.00
# Visual Studio 15
VisualStudioVersion = 15.0.26124.0
MinimumVisualStudioVersion = 15.0.26124.0
Project("{FAE04EC0-301F-11D3-BF4B-00C04F79EFBC}") = "MathOperations", "MathOperations\MathOperations.csproj", "{920C4903-B051-443E-BB72-C23DF1825843}"
EndProject
Project("{FAE04EC0-301F-11D3-BF4B-00C04F79EFBC}") = "Figures", "Figures\Figures.csproj", "{72416982-A285-4B78-AC19-88F5A03AFF57}"
EndProject
Project("{FAE04EC0-301F-11D3-BF4B-00C04F79EFBC}") = "Animal", "Animal\Animal.csproj", "{F83267F7-0A65-4139-82F3-0CB4C609918E}"
EndProject
Project("{FAE04EC0-301F-11D3-BF4B-00C04F79EFBC}") = "AnimalKingdom2", "AnimalKingdom2\AnimalKingdom2.csproj", "{E2A7BB30-5E3E-4B2F-8BC3-8325610F12BC}"
EndProject
Project("{FAE04EC0-301F-11D3-BF4B-00C04F79EFBC}") = "Machine", "Machine\Machine.csproj", "{8961D89D-0992-45BB-A24E-1204DC14F4E6}"
EndProject
Project("{FAE04EC0-301F-11D3-BF4B-00C04F79EFBC}") = "Vehicles", "Vehicles\Vehicles.csproj", "{3BD7305E-E715-479F-80A6-338788A3429C}"
EndProject
Global
	GlobalSection(SolutionConfigurationPlatforms) = preSolution
		Debug|Any CPU = Debug|Any CPU
		Debug|x64 = Debug|x64
		Debug|x86 = Debug|x86
		Release|Any CPU = Release|Any CPU
		Release|x64 = Release|x64
		Release|x86 = Release|x86
	EndGlobalSection
	GlobalSection(SolutionProperties) = preSolution
		HideSolutionNode = FALSE
	EndGlobalSection
	GlobalSection(ProjectConfigurationPlatforms) = postSolution
		{920C4903-B051-443E-BB72-C23DF1825843}.Debug|Any CPU.ActiveCfg = Debug|Any CPU
		{920C4903-B051-443E-BB72-C23DF1825843}.Debug|Any CPU.Build.0 = Debug|Any CPU
		{920C4903-B051-443E-BB72-C23DF1825843}.Debug|x64.ActiveCfg = Debug|Any CPU
		{920C4903-B051-443E-BB72-C23DF1825843}.Debug|x64.Build.0 = Debug|Any CPU
		{920C4903-B051-443E-BB72-C23DF1825843}.Debug|x86.ActiveCfg = Debug|Any CPU
		{920C4903-B051-443E-BB72-C23DF1825843}.Debug|x86.Build.0 = Debug|Any CPU
		{920C4903-B051-443E-BB72-C23DF1825843}.Release|Any CPU.ActiveCfg = Release|Any CPU
		{920C4903-B051-443E-BB72-C23DF1825843}.Release|Any CPU.Build.0 = Release|Any CPU
		{920C4903-B051-443E-BB72-C23DF1825843}.Release|x64.ActiveCfg = Release|Any CPU
		{920C4903-B051-443E-BB72-C23DF1825843}.Release|x64.Build.0 = Release|Any CPU
		{920C4903-B051-443E-BB72-C23DF1825843}.Release|x86.ActiveCfg = Release|Any CPU
		{920C4903-B051-443E-BB72-C23DF1825843}.Release|x86.Build.0 = Release|Any CPU
		{72416982-A285-4B78-AC19-88F5A03AFF57}.Debug|Any CPU.ActiveCfg = Debug|Any CPU
		{72416982-A285-4B78-AC19-88F5A03AFF57}.Debug|Any CPU.Build.0 = Debug|Any CPU
		{72416982-A285-4B78-AC19-88F5A03AFF57}.Debug|x64.ActiveCfg = Debug|Any CPU
		{72416982-A285-4B78-AC19-88F5A03AFF57}.Debug|x64.Build.0 = Debug|Any CPU
		{72416982-A285-4B78-AC19-88F5A03AFF57}.Debug|x86.ActiveCfg = Debug|Any CPU
		{72416982-A285-4B78-AC19-88F5A03AFF57}.Debug|x86.Build.0 = Debug|Any CPU
		{72416982-A285-4B78-AC19-88F5A03AFF57}.Release|Any CPU.ActiveCfg = Release|Any CPU
		{72416982-A285-4B78-AC19-88F5A03AFF57}.Release|Any CPU.Build.0 = Release|Any CPU
		{72416982-A285-4B78-AC19-88F5A03AFF57}.Release|x64.ActiveCfg = Release|Any CPU
		{72416982-A285-4B78-AC19-88F5A03AFF57}.Release|x64.Build.0 = Release|Any CPU
		{72416982-A285-4B78-AC19-88F5A03AFF57}.Release|x86.ActiveCfg = Release|Any CPU
		{72416982-A285-4B78-AC19-88F5A03AFF57}.Release|x86.Build.0 = Release|Any CPU
		{F83267F7-0A65-4139-82F3-0CB4C609918E}.Debug|Any CPU.ActiveCfg = Debug|Any CPU
		{F83267F7-0A65-4139-82F3-0CB4C609918E}.Debug|Any CPU.Build.0 = Debug|Any CPU
		{F83267F7-0A65-4139-82F3-0CB4C609918E}.Debug|x64.ActiveCfg = Debug|Any CPU
		{F83267F7-0A65-4139-82F3-0CB4C609918E}.Debug|x64.Build.0 = Debug|Any CPU
		{F83267F7-0A65-4139-82F3-0CB4C609918E}.Debug|x86.ActiveCfg = Debug|Any CPU
		{F83267F7-0A65-4139-82F3-0CB4C609918E}.Debug|x86.Build.0 = Debug|Any CPU
		{F83267F7-0A65-4139-82F3-0CB4C609918E}.Release|Any CPU.ActiveCfg = Release|Any CPU
		{F83267F7-0A65-4139-82F3-0CB4C609918E}.Release|Any CPU.Build.0 = Release|Any CPU
		{F83267F7-0A65-4139-82F3-0CB4C609918E}.Release|x64.ActiveCfg = Release|Any CPU
		{F83267F7-0A65-4139-82F3-0CB4C609918E}.Release|x64.Build.0 = Release|Any CPU
		{F83267F7-0A65-4139-82F3-0CB4C609918E}.Release|x86.ActiveCfg = Release|Any CPU
		{F83267F7-0A65-4139-82F3-0CB4C609918E}.Release|x86.Build.0 = Release|Any CPU
		{E2A7BB30-5E3E-4B2F-8BC3-8325610F12BC}.Debug|Any CPU.ActiveCfg = Debug|Any CPU
		{E2A7BB30-5E3E-4B2F-8BC3-8325610F12BC}.Debug|Any CPU.Build.0 = Debug|Any CPU
		{E2A7BB30-5E3E-4B2F-8BC3-8325610F12BC}.Debug|x64.ActiveCfg = Debug|Any CPU
		{E2A7BB30-5E3E-4B2F-8BC3-8325610F12BC}.Debug|x64.Build.0 = Debug|Any CPU
		{E2A7BB30-5E3E-4B2F-8BC3-8325610F12BC}.Debug|x86.ActiveCfg = Debug|Any CPU
		{E2A7BB30-5E3E-4B2F-8BC3-8325610F12BC}.Debug|x86.Build.0 = Debug|Any CPU
		{E2A7BB30-5E3E-4B2F-8BC3-8325610F12BC}.Release|Any CPU.ActiveCfg = Release|Any CPU
		{E2A7BB30-5E3E-4B2F-8BC3-8325610F12BC}.Release|Any CPU.Build.0 = Release|Any CPU
		{E2A7BB30-5E3E-4B2F-8BC3-8325610F12BC}.Release|x64.ActiveCfg = Release|Any CPU
		{E2A7BB30-5E3E-4B2F-8BC3-8325610F12BC}.Release|x64.Build.0 = Release|Any CPU
		{E2A7BB30-5E3E-4B2F-8BC3-8325610F12BC}.Release|x86.ActiveCfg = Release|Any CPU
		{E2A7BB30-5E3E-4B2F-8BC3-8325610F12BC}.Release|x86.Build.0 = Release|Any CPU
		{8961D89D-0992-45BB-A24E-1204DC14F4E6}.Debug|Any CPU.ActiveCfg = Debug|Any CPU
		{8961D89D-0992-45BB-A24E-1204DC14F4E6}.Debug|Any CPU.Build.0 = Debug|Any CPU
		{8961D89D-0992-45BB-A24E-1204DC14F4E6}.Debug|x64.ActiveCfg = Debug|Any CPU
		{8961D89D-0992-45BB-A24E-1204DC14F4E6}.Debug|x64.Build.0 = Debug|Any CPU
		{8961D89D-0992-45BB-A24E-1204DC14F4E6}.Debug|x86.ActiveCfg = Debug|Any CPU
		{8961D89D-0992-45BB-A24E-1204DC14F4E6}.Debug|x86.Build.0 = Debug|Any CPU
		{8961D89D-0992-45BB-A24E-1204DC14F4E6}.Release|Any CPU.ActiveCfg = Release|Any CPU
		{8961D89D-0992-45BB-A24E-1204DC14F4E6}.Release|Any CPU.Build.0 = Release|Any CPU
		{8961D89D-0992-45BB-A24E-1204DC14F4E6}.Release|x64.ActiveCfg = Release|Any CPU
		{8961D89D-0992-45BB-A24E-1204DC14F4E6}.Release|x64.Build.0 = Release|Any CPU
		{8961D89D-0992-45BB-A24E-1204DC14F4E6}.Release|x86.ActiveCfg = Release|Any CPU
		{8961D89D-0992-45BB-A24E-1204DC14F4E6}.Release|x86.Build.0 = Release|Any CPU
		{3BD7305E-E715-479F-80A6-338788A3429C}.Debug|Any CPU.ActiveCfg = Debug|Any CPU
		{3BD7305E-E715-479F-80A6-338788A3429C}.Debug|Any CPU.Build.0 = Debug|Any CPU
		{3BD7305E-E715-479F-80A6-338788A3429C}.Debug|x64.ActiveCfg = Debug|Any CPU
		{3BD7305E-E715-479F-80A6-338788A3429C}.Debug|x64.Build.0 = Debug|Any CPU
		{3BD7305E-E715-479F-80A6-338788A3429C}.Debug|x86.ActiveCfg = Debug|Any CPU
		{3BD7305E-E715-479F-80A6-338788A3429C}.Debug|x86.Build.0 = Debug|Any CPU
		{3BD7305E-E715-479F-80A6-338788A3429C}.Release|Any CPU.ActiveCfg = Release|Any CPU
		{3BD7305E-E715-479F-80A6-338788A3429C}.Release|Any CPU.Build.0 = Release|Any CPU
		{3BD7305E-E715-479F-80A6-338788A3429C}.Release|x64.ActiveCfg = Release|Any CPU
		{3BD7305E-E715-479F-80A6-338788A3429C}.Release|x64.Build.0 = Release|Any CPU
		{3BD7305E-E715-479F-80A6-338788A3429C}.Release|x86.ActiveCfg = Release|Any CPU
		{3BD7305E-E715-479F-80A6-338788A3429C}.Release|x86.Build.0 = Release|Any CPU
	EndGlobalSection
EndGlobal
