
Microsoft Visual Studio Solution File, Format Version 12.00
# Visual Studio Version 16
VisualStudioVersion = 16.0.29123.88
MinimumVisualStudioVersion = 15.0.26124.0
Project("{9A19103F-16F7-4668-BE54-9A1E7A4F7556}") = "RemoveEqualToLastNumber", "RemoveEqualToLastNumber\RemoveEqualToLastNumber.csproj", "{A3666606-8E3A-4EB0-8E49-A1CF83B76500}"
EndProject
Project("{9A19103F-16F7-4668-BE54-9A1E7A4F7556}") = "RemoveNegative", "RemoveNegative\RemoveNegative.csproj", "{95D5E0CF-601E-4B62-94EC-5D25389CD3C8}"
EndProject
Project("{9A19103F-16F7-4668-BE54-9A1E7A4F7556}") = "MergeLists", "MergeLists\MergeLists.csproj", "{A409C87E-C80A-4251-9D00-854FB87643B9}"
EndProject
Project("{9A19103F-16F7-4668-BE54-9A1E7A4F7556}") = "BombsGame", "BombsGame\BombsGame.csproj", "{FDB77E76-2246-4782-B250-94446F8957E1}"
EndProject
Global
	GlobalSection(SolutionConfigurationPlatforms) = preSolution
		Debug|Any CPU = Debug|Any CPU
		Debug|x64 = Debug|x64
		Debug|x86 = Debug|x86
		Release|Any CPU = Release|Any CPU
		Release|x64 = Release|x64
		Release|x86 = Release|x86
	EndGlobalSection
	GlobalSection(ProjectConfigurationPlatforms) = postSolution
		{A3666606-8E3A-4EB0-8E49-A1CF83B76500}.Debug|Any CPU.ActiveCfg = Debug|Any CPU
		{A3666606-8E3A-4EB0-8E49-A1CF83B76500}.Debug|Any CPU.Build.0 = Debug|Any CPU
		{A3666606-8E3A-4EB0-8E49-A1CF83B76500}.Debug|x64.ActiveCfg = Debug|Any CPU
		{A3666606-8E3A-4EB0-8E49-A1CF83B76500}.Debug|x64.Build.0 = Debug|Any CPU
		{A3666606-8E3A-4EB0-8E49-A1CF83B76500}.Debug|x86.ActiveCfg = Debug|Any CPU
		{A3666606-8E3A-4EB0-8E49-A1CF83B76500}.Debug|x86.Build.0 = Debug|Any CPU
		{A3666606-8E3A-4EB0-8E49-A1CF83B76500}.Release|Any CPU.ActiveCfg = Release|Any CPU
		{A3666606-8E3A-4EB0-8E49-A1CF83B76500}.Release|Any CPU.Build.0 = Release|Any CPU
		{A3666606-8E3A-4EB0-8E49-A1CF83B76500}.Release|x64.ActiveCfg = Release|Any CPU
		{A3666606-8E3A-4EB0-8E49-A1CF83B76500}.Release|x64.Build.0 = Release|Any CPU
		{A3666606-8E3A-4EB0-8E49-A1CF83B76500}.Release|x86.ActiveCfg = Release|Any CPU
		{A3666606-8E3A-4EB0-8E49-A1CF83B76500}.Release|x86.Build.0 = Release|Any CPU
		{95D5E0CF-601E-4B62-94EC-5D25389CD3C8}.Debug|Any CPU.ActiveCfg = Debug|Any CPU
		{95D5E0CF-601E-4B62-94EC-5D25389CD3C8}.Debug|Any CPU.Build.0 = Debug|Any CPU
		{95D5E0CF-601E-4B62-94EC-5D25389CD3C8}.Debug|x64.ActiveCfg = Debug|Any CPU
		{95D5E0CF-601E-4B62-94EC-5D25389CD3C8}.Debug|x64.Build.0 = Debug|Any CPU
		{95D5E0CF-601E-4B62-94EC-5D25389CD3C8}.Debug|x86.ActiveCfg = Debug|Any CPU
		{95D5E0CF-601E-4B62-94EC-5D25389CD3C8}.Debug|x86.Build.0 = Debug|Any CPU
		{95D5E0CF-601E-4B62-94EC-5D25389CD3C8}.Release|Any CPU.ActiveCfg = Release|Any CPU
		{95D5E0CF-601E-4B62-94EC-5D25389CD3C8}.Release|Any CPU.Build.0 = Release|Any CPU
		{95D5E0CF-601E-4B62-94EC-5D25389CD3C8}.Release|x64.ActiveCfg = Release|Any CPU
		{95D5E0CF-601E-4B62-94EC-5D25389CD3C8}.Release|x64.Build.0 = Release|Any CPU
		{95D5E0CF-601E-4B62-94EC-5D25389CD3C8}.Release|x86.ActiveCfg = Release|Any CPU
		{95D5E0CF-601E-4B62-94EC-5D25389CD3C8}.Release|x86.Build.0 = Release|Any CPU
		{A409C87E-C80A-4251-9D00-854FB87643B9}.Debug|Any CPU.ActiveCfg = Debug|Any CPU
		{A409C87E-C80A-4251-9D00-854FB87643B9}.Debug|Any CPU.Build.0 = Debug|Any CPU
		{A409C87E-C80A-4251-9D00-854FB87643B9}.Debug|x64.ActiveCfg = Debug|Any CPU
		{A409C87E-C80A-4251-9D00-854FB87643B9}.Debug|x64.Build.0 = Debug|Any CPU
		{A409C87E-C80A-4251-9D00-854FB87643B9}.Debug|x86.ActiveCfg = Debug|Any CPU
		{A409C87E-C80A-4251-9D00-854FB87643B9}.Debug|x86.Build.0 = Debug|Any CPU
		{A409C87E-C80A-4251-9D00-854FB87643B9}.Release|Any CPU.ActiveCfg = Release|Any CPU
		{A409C87E-C80A-4251-9D00-854FB87643B9}.Release|Any CPU.Build.0 = Release|Any CPU
		{A409C87E-C80A-4251-9D00-854FB87643B9}.Release|x64.ActiveCfg = Release|Any CPU
		{A409C87E-C80A-4251-9D00-854FB87643B9}.Release|x64.Build.0 = Release|Any CPU
		{A409C87E-C80A-4251-9D00-854FB87643B9}.Release|x86.ActiveCfg = Release|Any CPU
		{A409C87E-C80A-4251-9D00-854FB87643B9}.Release|x86.Build.0 = Release|Any CPU
		{FDB77E76-2246-4782-B250-94446F8957E1}.Debug|Any CPU.ActiveCfg = Debug|Any CPU
		{FDB77E76-2246-4782-B250-94446F8957E1}.Debug|Any CPU.Build.0 = Debug|Any CPU
		{FDB77E76-2246-4782-B250-94446F8957E1}.Debug|x64.ActiveCfg = Debug|Any CPU
		{FDB77E76-2246-4782-B250-94446F8957E1}.Debug|x64.Build.0 = Debug|Any CPU
		{FDB77E76-2246-4782-B250-94446F8957E1}.Debug|x86.ActiveCfg = Debug|Any CPU
		{FDB77E76-2246-4782-B250-94446F8957E1}.Debug|x86.Build.0 = Debug|Any CPU
		{FDB77E76-2246-4782-B250-94446F8957E1}.Release|Any CPU.ActiveCfg = Release|Any CPU
		{FDB77E76-2246-4782-B250-94446F8957E1}.Release|Any CPU.Build.0 = Release|Any CPU
		{FDB77E76-2246-4782-B250-94446F8957E1}.Release|x64.ActiveCfg = Release|Any CPU
		{FDB77E76-2246-4782-B250-94446F8957E1}.Release|x64.Build.0 = Release|Any CPU
		{FDB77E76-2246-4782-B250-94446F8957E1}.Release|x86.ActiveCfg = Release|Any CPU
		{FDB77E76-2246-4782-B250-94446F8957E1}.Release|x86.Build.0 = Release|Any CPU
	EndGlobalSection
	GlobalSection(SolutionProperties) = preSolution
		HideSolutionNode = FALSE
	EndGlobalSection
	GlobalSection(ExtensibilityGlobals) = postSolution
		SolutionGuid = {569F4E39-ACCF-4B3B-8EB0-444D96F1667E}
	EndGlobalSection
EndGlobal
