
Microsoft Visual Studio Solution File, Format Version 12.00
# Visual Studio 15
VisualStudioVersion = 15.0.26124.0
MinimumVisualStudioVersion = 15.0.26124.0
Project("{FAE04EC0-301F-11D3-BF4B-00C04F79EFBC}") = "UndoProblem-03-1", "UndoProblem-03-1\UndoProblem-03-1.csproj", "{A1F13C81-7541-48AE-8C98-BC38D095AD9B}"
EndProject
Project("{FAE04EC0-301F-11D3-BF4B-00C04F79EFBC}") = "BracketsProblem-03-1", "BracketsProblem-03-1\BracketsProblem-03-1.csproj", "{E8C26E65-F648-4F7C-896C-A32D639130FA}"
EndProject
Project("{FAE04EC0-301F-11D3-BF4B-00C04F79EFBC}") = "N-P-element-03-1", "N-P-element-03-1\N-P-element-03-1.csproj", "{698ED980-C213-4738-8D77-C5983CBBB8EE}"
EndProject
Project("{FAE04EC0-301F-11D3-BF4B-00C04F79EFBC}") = "BinarySearch", "BinarySearch\BinarySearch.csproj", "{B4F8CEBE-E8ED-4EF0-919D-8D60769F453E}"
EndProject
Project("{FAE04EC0-301F-11D3-BF4B-00C04F79EFBC}") = "UnionAndSelectionLists", "UnionAndSelectionLists\UnionAndSelectionLists.csproj", "{84B2275F-61CB-4101-9B60-E7026F3E6F02}"
EndProject
Project("{FAE04EC0-301F-11D3-BF4B-00C04F79EFBC}") = "Problems-03-2", "Problems-03-2\Problems-03-2.csproj", "{A3B6489F-0918-4CC9-952D-1428C97484E8}"
EndProject
Project("{FAE04EC0-301F-11D3-BF4B-00C04F79EFBC}") = "Subset-03-3-Prez", "Subset-03-3-Prez\Subset-03-3-Prez.csproj", "{3F6CBFBA-4C6E-4871-B482-CA69FB0EA891}"
EndProject
Project("{FAE04EC0-301F-11D3-BF4B-00C04F79EFBC}") = "Problem3-03-3-doc", "Problem3-03-3-doc\Problem3-03-3-doc.csproj", "{AB3473CD-F580-491D-BF21-001E40ECBDF1}"
EndProject
Project("{FAE04EC0-301F-11D3-BF4B-00C04F79EFBC}") = "Problem2-03-3-doc", "Problem2-03-3-doc\Problem2-03-3-doc.csproj", "{EEC1F379-FF9B-49D2-943C-1A33F427002A}"
EndProject
Global
	GlobalSection(SolutionConfigurationPlatforms) = preSolution
		Debug|Any CPU = Debug|Any CPU
		Debug|x64 = Debug|x64
		Debug|x86 = Debug|x86
		Release|Any CPU = Release|Any CPU
		Release|x64 = Release|x64
		Release|x86 = Release|x86
	EndGlobalSection
	GlobalSection(SolutionProperties) = preSolution
		HideSolutionNode = FALSE
	EndGlobalSection
	GlobalSection(ProjectConfigurationPlatforms) = postSolution
		{A1F13C81-7541-48AE-8C98-BC38D095AD9B}.Debug|Any CPU.ActiveCfg = Debug|Any CPU
		{A1F13C81-7541-48AE-8C98-BC38D095AD9B}.Debug|Any CPU.Build.0 = Debug|Any CPU
		{A1F13C81-7541-48AE-8C98-BC38D095AD9B}.Debug|x64.ActiveCfg = Debug|Any CPU
		{A1F13C81-7541-48AE-8C98-BC38D095AD9B}.Debug|x64.Build.0 = Debug|Any CPU
		{A1F13C81-7541-48AE-8C98-BC38D095AD9B}.Debug|x86.ActiveCfg = Debug|Any CPU
		{A1F13C81-7541-48AE-8C98-BC38D095AD9B}.Debug|x86.Build.0 = Debug|Any CPU
		{A1F13C81-7541-48AE-8C98-BC38D095AD9B}.Release|Any CPU.ActiveCfg = Release|Any CPU
		{A1F13C81-7541-48AE-8C98-BC38D095AD9B}.Release|Any CPU.Build.0 = Release|Any CPU
		{A1F13C81-7541-48AE-8C98-BC38D095AD9B}.Release|x64.ActiveCfg = Release|Any CPU
		{A1F13C81-7541-48AE-8C98-BC38D095AD9B}.Release|x64.Build.0 = Release|Any CPU
		{A1F13C81-7541-48AE-8C98-BC38D095AD9B}.Release|x86.ActiveCfg = Release|Any CPU
		{A1F13C81-7541-48AE-8C98-BC38D095AD9B}.Release|x86.Build.0 = Release|Any CPU
		{E8C26E65-F648-4F7C-896C-A32D639130FA}.Debug|Any CPU.ActiveCfg = Debug|Any CPU
		{E8C26E65-F648-4F7C-896C-A32D639130FA}.Debug|Any CPU.Build.0 = Debug|Any CPU
		{E8C26E65-F648-4F7C-896C-A32D639130FA}.Debug|x64.ActiveCfg = Debug|Any CPU
		{E8C26E65-F648-4F7C-896C-A32D639130FA}.Debug|x64.Build.0 = Debug|Any CPU
		{E8C26E65-F648-4F7C-896C-A32D639130FA}.Debug|x86.ActiveCfg = Debug|Any CPU
		{E8C26E65-F648-4F7C-896C-A32D639130FA}.Debug|x86.Build.0 = Debug|Any CPU
		{E8C26E65-F648-4F7C-896C-A32D639130FA}.Release|Any CPU.ActiveCfg = Release|Any CPU
		{E8C26E65-F648-4F7C-896C-A32D639130FA}.Release|Any CPU.Build.0 = Release|Any CPU
		{E8C26E65-F648-4F7C-896C-A32D639130FA}.Release|x64.ActiveCfg = Release|Any CPU
		{E8C26E65-F648-4F7C-896C-A32D639130FA}.Release|x64.Build.0 = Release|Any CPU
		{E8C26E65-F648-4F7C-896C-A32D639130FA}.Release|x86.ActiveCfg = Release|Any CPU
		{E8C26E65-F648-4F7C-896C-A32D639130FA}.Release|x86.Build.0 = Release|Any CPU
		{698ED980-C213-4738-8D77-C5983CBBB8EE}.Debug|Any CPU.ActiveCfg = Debug|Any CPU
		{698ED980-C213-4738-8D77-C5983CBBB8EE}.Debug|Any CPU.Build.0 = Debug|Any CPU
		{698ED980-C213-4738-8D77-C5983CBBB8EE}.Debug|x64.ActiveCfg = Debug|Any CPU
		{698ED980-C213-4738-8D77-C5983CBBB8EE}.Debug|x64.Build.0 = Debug|Any CPU
		{698ED980-C213-4738-8D77-C5983CBBB8EE}.Debug|x86.ActiveCfg = Debug|Any CPU
		{698ED980-C213-4738-8D77-C5983CBBB8EE}.Debug|x86.Build.0 = Debug|Any CPU
		{698ED980-C213-4738-8D77-C5983CBBB8EE}.Release|Any CPU.ActiveCfg = Release|Any CPU
		{698ED980-C213-4738-8D77-C5983CBBB8EE}.Release|Any CPU.Build.0 = Release|Any CPU
		{698ED980-C213-4738-8D77-C5983CBBB8EE}.Release|x64.ActiveCfg = Release|Any CPU
		{698ED980-C213-4738-8D77-C5983CBBB8EE}.Release|x64.Build.0 = Release|Any CPU
		{698ED980-C213-4738-8D77-C5983CBBB8EE}.Release|x86.ActiveCfg = Release|Any CPU
		{698ED980-C213-4738-8D77-C5983CBBB8EE}.Release|x86.Build.0 = Release|Any CPU
		{B4F8CEBE-E8ED-4EF0-919D-8D60769F453E}.Debug|Any CPU.ActiveCfg = Debug|Any CPU
		{B4F8CEBE-E8ED-4EF0-919D-8D60769F453E}.Debug|Any CPU.Build.0 = Debug|Any CPU
		{B4F8CEBE-E8ED-4EF0-919D-8D60769F453E}.Debug|x64.ActiveCfg = Debug|Any CPU
		{B4F8CEBE-E8ED-4EF0-919D-8D60769F453E}.Debug|x64.Build.0 = Debug|Any CPU
		{B4F8CEBE-E8ED-4EF0-919D-8D60769F453E}.Debug|x86.ActiveCfg = Debug|Any CPU
		{B4F8CEBE-E8ED-4EF0-919D-8D60769F453E}.Debug|x86.Build.0 = Debug|Any CPU
		{B4F8CEBE-E8ED-4EF0-919D-8D60769F453E}.Release|Any CPU.ActiveCfg = Release|Any CPU
		{B4F8CEBE-E8ED-4EF0-919D-8D60769F453E}.Release|Any CPU.Build.0 = Release|Any CPU
		{B4F8CEBE-E8ED-4EF0-919D-8D60769F453E}.Release|x64.ActiveCfg = Release|Any CPU
		{B4F8CEBE-E8ED-4EF0-919D-8D60769F453E}.Release|x64.Build.0 = Release|Any CPU
		{B4F8CEBE-E8ED-4EF0-919D-8D60769F453E}.Release|x86.ActiveCfg = Release|Any CPU
		{B4F8CEBE-E8ED-4EF0-919D-8D60769F453E}.Release|x86.Build.0 = Release|Any CPU
		{84B2275F-61CB-4101-9B60-E7026F3E6F02}.Debug|Any CPU.ActiveCfg = Debug|Any CPU
		{84B2275F-61CB-4101-9B60-E7026F3E6F02}.Debug|Any CPU.Build.0 = Debug|Any CPU
		{84B2275F-61CB-4101-9B60-E7026F3E6F02}.Debug|x64.ActiveCfg = Debug|Any CPU
		{84B2275F-61CB-4101-9B60-E7026F3E6F02}.Debug|x64.Build.0 = Debug|Any CPU
		{84B2275F-61CB-4101-9B60-E7026F3E6F02}.Debug|x86.ActiveCfg = Debug|Any CPU
		{84B2275F-61CB-4101-9B60-E7026F3E6F02}.Debug|x86.Build.0 = Debug|Any CPU
		{84B2275F-61CB-4101-9B60-E7026F3E6F02}.Release|Any CPU.ActiveCfg = Release|Any CPU
		{84B2275F-61CB-4101-9B60-E7026F3E6F02}.Release|Any CPU.Build.0 = Release|Any CPU
		{84B2275F-61CB-4101-9B60-E7026F3E6F02}.Release|x64.ActiveCfg = Release|Any CPU
		{84B2275F-61CB-4101-9B60-E7026F3E6F02}.Release|x64.Build.0 = Release|Any CPU
		{84B2275F-61CB-4101-9B60-E7026F3E6F02}.Release|x86.ActiveCfg = Release|Any CPU
		{84B2275F-61CB-4101-9B60-E7026F3E6F02}.Release|x86.Build.0 = Release|Any CPU
		{A3B6489F-0918-4CC9-952D-1428C97484E8}.Debug|Any CPU.ActiveCfg = Debug|Any CPU
		{A3B6489F-0918-4CC9-952D-1428C97484E8}.Debug|Any CPU.Build.0 = Debug|Any CPU
		{A3B6489F-0918-4CC9-952D-1428C97484E8}.Debug|x64.ActiveCfg = Debug|Any CPU
		{A3B6489F-0918-4CC9-952D-1428C97484E8}.Debug|x64.Build.0 = Debug|Any CPU
		{A3B6489F-0918-4CC9-952D-1428C97484E8}.Debug|x86.ActiveCfg = Debug|Any CPU
		{A3B6489F-0918-4CC9-952D-1428C97484E8}.Debug|x86.Build.0 = Debug|Any CPU
		{A3B6489F-0918-4CC9-952D-1428C97484E8}.Release|Any CPU.ActiveCfg = Release|Any CPU
		{A3B6489F-0918-4CC9-952D-1428C97484E8}.Release|Any CPU.Build.0 = Release|Any CPU
		{A3B6489F-0918-4CC9-952D-1428C97484E8}.Release|x64.ActiveCfg = Release|Any CPU
		{A3B6489F-0918-4CC9-952D-1428C97484E8}.Release|x64.Build.0 = Release|Any CPU
		{A3B6489F-0918-4CC9-952D-1428C97484E8}.Release|x86.ActiveCfg = Release|Any CPU
		{A3B6489F-0918-4CC9-952D-1428C97484E8}.Release|x86.Build.0 = Release|Any CPU
		{3F6CBFBA-4C6E-4871-B482-CA69FB0EA891}.Debug|Any CPU.ActiveCfg = Debug|Any CPU
		{3F6CBFBA-4C6E-4871-B482-CA69FB0EA891}.Debug|Any CPU.Build.0 = Debug|Any CPU
		{3F6CBFBA-4C6E-4871-B482-CA69FB0EA891}.Debug|x64.ActiveCfg = Debug|Any CPU
		{3F6CBFBA-4C6E-4871-B482-CA69FB0EA891}.Debug|x64.Build.0 = Debug|Any CPU
		{3F6CBFBA-4C6E-4871-B482-CA69FB0EA891}.Debug|x86.ActiveCfg = Debug|Any CPU
		{3F6CBFBA-4C6E-4871-B482-CA69FB0EA891}.Debug|x86.Build.0 = Debug|Any CPU
		{3F6CBFBA-4C6E-4871-B482-CA69FB0EA891}.Release|Any CPU.ActiveCfg = Release|Any CPU
		{3F6CBFBA-4C6E-4871-B482-CA69FB0EA891}.Release|Any CPU.Build.0 = Release|Any CPU
		{3F6CBFBA-4C6E-4871-B482-CA69FB0EA891}.Release|x64.ActiveCfg = Release|Any CPU
		{3F6CBFBA-4C6E-4871-B482-CA69FB0EA891}.Release|x64.Build.0 = Release|Any CPU
		{3F6CBFBA-4C6E-4871-B482-CA69FB0EA891}.Release|x86.ActiveCfg = Release|Any CPU
		{3F6CBFBA-4C6E-4871-B482-CA69FB0EA891}.Release|x86.Build.0 = Release|Any CPU
		{AB3473CD-F580-491D-BF21-001E40ECBDF1}.Debug|Any CPU.ActiveCfg = Debug|Any CPU
		{AB3473CD-F580-491D-BF21-001E40ECBDF1}.Debug|Any CPU.Build.0 = Debug|Any CPU
		{AB3473CD-F580-491D-BF21-001E40ECBDF1}.Debug|x64.ActiveCfg = Debug|Any CPU
		{AB3473CD-F580-491D-BF21-001E40ECBDF1}.Debug|x64.Build.0 = Debug|Any CPU
		{AB3473CD-F580-491D-BF21-001E40ECBDF1}.Debug|x86.ActiveCfg = Debug|Any CPU
		{AB3473CD-F580-491D-BF21-001E40ECBDF1}.Debug|x86.Build.0 = Debug|Any CPU
		{AB3473CD-F580-491D-BF21-001E40ECBDF1}.Release|Any CPU.ActiveCfg = Release|Any CPU
		{AB3473CD-F580-491D-BF21-001E40ECBDF1}.Release|Any CPU.Build.0 = Release|Any CPU
		{AB3473CD-F580-491D-BF21-001E40ECBDF1}.Release|x64.ActiveCfg = Release|Any CPU
		{AB3473CD-F580-491D-BF21-001E40ECBDF1}.Release|x64.Build.0 = Release|Any CPU
		{AB3473CD-F580-491D-BF21-001E40ECBDF1}.Release|x86.ActiveCfg = Release|Any CPU
		{AB3473CD-F580-491D-BF21-001E40ECBDF1}.Release|x86.Build.0 = Release|Any CPU
		{EEC1F379-FF9B-49D2-943C-1A33F427002A}.Debug|Any CPU.ActiveCfg = Debug|Any CPU
		{EEC1F379-FF9B-49D2-943C-1A33F427002A}.Debug|Any CPU.Build.0 = Debug|Any CPU
		{EEC1F379-FF9B-49D2-943C-1A33F427002A}.Debug|x64.ActiveCfg = Debug|Any CPU
		{EEC1F379-FF9B-49D2-943C-1A33F427002A}.Debug|x64.Build.0 = Debug|Any CPU
		{EEC1F379-FF9B-49D2-943C-1A33F427002A}.Debug|x86.ActiveCfg = Debug|Any CPU
		{EEC1F379-FF9B-49D2-943C-1A33F427002A}.Debug|x86.Build.0 = Debug|Any CPU
		{EEC1F379-FF9B-49D2-943C-1A33F427002A}.Release|Any CPU.ActiveCfg = Release|Any CPU
		{EEC1F379-FF9B-49D2-943C-1A33F427002A}.Release|Any CPU.Build.0 = Release|Any CPU
		{EEC1F379-FF9B-49D2-943C-1A33F427002A}.Release|x64.ActiveCfg = Release|Any CPU
		{EEC1F379-FF9B-49D2-943C-1A33F427002A}.Release|x64.Build.0 = Release|Any CPU
		{EEC1F379-FF9B-49D2-943C-1A33F427002A}.Release|x86.ActiveCfg = Release|Any CPU
		{EEC1F379-FF9B-49D2-943C-1A33F427002A}.Release|x86.Build.0 = Release|Any CPU
	EndGlobalSection
EndGlobal
