
Microsoft Visual Studio Solution File, Format Version 12.00
# Visual Studio Version 16
VisualStudioVersion = 16.0.29123.88
MinimumVisualStudioVersion = 15.0.26124.0
Project("{9A19103F-16F7-4668-BE54-9A1E7A4F7556}") = "Weekdays", "Weekdays\Weekdays.csproj", "{6BDC2CBE-C8E5-44C0-8603-C773898311A8}"
EndProject
Project("{9A19103F-16F7-4668-BE54-9A1E7A4F7556}") = "ReadArrFromConsole", "ReadArrFromConsole\ReadArrFromConsole.csproj", "{2CF61127-6A52-452C-AF2E-3219AE0F1416}"
EndProject
Project("{9A19103F-16F7-4668-BE54-9A1E7A4F7556}") = "StatsArray", "StatsArray\StatsArray.csproj", "{A230E1C9-6AB1-4ED0-98FD-F8303C034003}"
EndProject
Project("{9A19103F-16F7-4668-BE54-9A1E7A4F7556}") = "MostCommon", "MostCommon\MostCommon.csproj", "{2A717C10-AD7A-488D-BBA3-56C1707DFF3E}"
EndProject
Project("{9A19103F-16F7-4668-BE54-9A1E7A4F7556}") = "LetterIndex", "LetterIndex\LetterIndex.csproj", "{741AAC85-8903-4E31-B7C2-267F40154D80}"
EndProject
Project("{9A19103F-16F7-4668-BE54-9A1E7A4F7556}") = "ArrayToNumber", "ArrayToNumber\ArrayToNumber.csproj", "{CAB76862-4BC7-4260-9E6D-8E69B90A9ABC}"
EndProject
Project("{9A19103F-16F7-4668-BE54-9A1E7A4F7556}") = "ReverseArray", "ReverseArray\ReverseArray.csproj", "{F9DB5E32-97BD-422D-B921-44833B35C179}"
EndProject
Project("{9A19103F-16F7-4668-BE54-9A1E7A4F7556}") = "ReverseArrayString", "ReverseArrayString\ReverseArrayString.csproj", "{6F0A0857-521E-412F-B8CA-1780EC6BB090}"
EndProject
Project("{9A19103F-16F7-4668-BE54-9A1E7A4F7556}") = "RotateAndSum", "RotateAndSum\RotateAndSum.csproj", "{8388373C-821D-48F4-8CF5-595CD83F08A4}"
EndProject
Project("{9A19103F-16F7-4668-BE54-9A1E7A4F7556}") = "FoldAndSum", "FoldAndSum\FoldAndSum.csproj", "{105013D7-1EF6-4BC6-B595-31D558EE6515}"
EndProject
Global
	GlobalSection(SolutionConfigurationPlatforms) = preSolution
		Debug|Any CPU = Debug|Any CPU
		Debug|x64 = Debug|x64
		Debug|x86 = Debug|x86
		Release|Any CPU = Release|Any CPU
		Release|x64 = Release|x64
		Release|x86 = Release|x86
	EndGlobalSection
	GlobalSection(ProjectConfigurationPlatforms) = postSolution
		{6BDC2CBE-C8E5-44C0-8603-C773898311A8}.Debug|Any CPU.ActiveCfg = Debug|Any CPU
		{6BDC2CBE-C8E5-44C0-8603-C773898311A8}.Debug|Any CPU.Build.0 = Debug|Any CPU
		{6BDC2CBE-C8E5-44C0-8603-C773898311A8}.Debug|x64.ActiveCfg = Debug|Any CPU
		{6BDC2CBE-C8E5-44C0-8603-C773898311A8}.Debug|x64.Build.0 = Debug|Any CPU
		{6BDC2CBE-C8E5-44C0-8603-C773898311A8}.Debug|x86.ActiveCfg = Debug|Any CPU
		{6BDC2CBE-C8E5-44C0-8603-C773898311A8}.Debug|x86.Build.0 = Debug|Any CPU
		{6BDC2CBE-C8E5-44C0-8603-C773898311A8}.Release|Any CPU.ActiveCfg = Release|Any CPU
		{6BDC2CBE-C8E5-44C0-8603-C773898311A8}.Release|Any CPU.Build.0 = Release|Any CPU
		{6BDC2CBE-C8E5-44C0-8603-C773898311A8}.Release|x64.ActiveCfg = Release|Any CPU
		{6BDC2CBE-C8E5-44C0-8603-C773898311A8}.Release|x64.Build.0 = Release|Any CPU
		{6BDC2CBE-C8E5-44C0-8603-C773898311A8}.Release|x86.ActiveCfg = Release|Any CPU
		{6BDC2CBE-C8E5-44C0-8603-C773898311A8}.Release|x86.Build.0 = Release|Any CPU
		{2CF61127-6A52-452C-AF2E-3219AE0F1416}.Debug|Any CPU.ActiveCfg = Debug|Any CPU
		{2CF61127-6A52-452C-AF2E-3219AE0F1416}.Debug|Any CPU.Build.0 = Debug|Any CPU
		{2CF61127-6A52-452C-AF2E-3219AE0F1416}.Debug|x64.ActiveCfg = Debug|Any CPU
		{2CF61127-6A52-452C-AF2E-3219AE0F1416}.Debug|x64.Build.0 = Debug|Any CPU
		{2CF61127-6A52-452C-AF2E-3219AE0F1416}.Debug|x86.ActiveCfg = Debug|Any CPU
		{2CF61127-6A52-452C-AF2E-3219AE0F1416}.Debug|x86.Build.0 = Debug|Any CPU
		{2CF61127-6A52-452C-AF2E-3219AE0F1416}.Release|Any CPU.ActiveCfg = Release|Any CPU
		{2CF61127-6A52-452C-AF2E-3219AE0F1416}.Release|Any CPU.Build.0 = Release|Any CPU
		{2CF61127-6A52-452C-AF2E-3219AE0F1416}.Release|x64.ActiveCfg = Release|Any CPU
		{2CF61127-6A52-452C-AF2E-3219AE0F1416}.Release|x64.Build.0 = Release|Any CPU
		{2CF61127-6A52-452C-AF2E-3219AE0F1416}.Release|x86.ActiveCfg = Release|Any CPU
		{2CF61127-6A52-452C-AF2E-3219AE0F1416}.Release|x86.Build.0 = Release|Any CPU
		{A230E1C9-6AB1-4ED0-98FD-F8303C034003}.Debug|Any CPU.ActiveCfg = Debug|Any CPU
		{A230E1C9-6AB1-4ED0-98FD-F8303C034003}.Debug|Any CPU.Build.0 = Debug|Any CPU
		{A230E1C9-6AB1-4ED0-98FD-F8303C034003}.Debug|x64.ActiveCfg = Debug|Any CPU
		{A230E1C9-6AB1-4ED0-98FD-F8303C034003}.Debug|x64.Build.0 = Debug|Any CPU
		{A230E1C9-6AB1-4ED0-98FD-F8303C034003}.Debug|x86.ActiveCfg = Debug|Any CPU
		{A230E1C9-6AB1-4ED0-98FD-F8303C034003}.Debug|x86.Build.0 = Debug|Any CPU
		{A230E1C9-6AB1-4ED0-98FD-F8303C034003}.Release|Any CPU.ActiveCfg = Release|Any CPU
		{A230E1C9-6AB1-4ED0-98FD-F8303C034003}.Release|Any CPU.Build.0 = Release|Any CPU
		{A230E1C9-6AB1-4ED0-98FD-F8303C034003}.Release|x64.ActiveCfg = Release|Any CPU
		{A230E1C9-6AB1-4ED0-98FD-F8303C034003}.Release|x64.Build.0 = Release|Any CPU
		{A230E1C9-6AB1-4ED0-98FD-F8303C034003}.Release|x86.ActiveCfg = Release|Any CPU
		{A230E1C9-6AB1-4ED0-98FD-F8303C034003}.Release|x86.Build.0 = Release|Any CPU
		{2A717C10-AD7A-488D-BBA3-56C1707DFF3E}.Debug|Any CPU.ActiveCfg = Debug|Any CPU
		{2A717C10-AD7A-488D-BBA3-56C1707DFF3E}.Debug|Any CPU.Build.0 = Debug|Any CPU
		{2A717C10-AD7A-488D-BBA3-56C1707DFF3E}.Debug|x64.ActiveCfg = Debug|Any CPU
		{2A717C10-AD7A-488D-BBA3-56C1707DFF3E}.Debug|x64.Build.0 = Debug|Any CPU
		{2A717C10-AD7A-488D-BBA3-56C1707DFF3E}.Debug|x86.ActiveCfg = Debug|Any CPU
		{2A717C10-AD7A-488D-BBA3-56C1707DFF3E}.Debug|x86.Build.0 = Debug|Any CPU
		{2A717C10-AD7A-488D-BBA3-56C1707DFF3E}.Release|Any CPU.ActiveCfg = Release|Any CPU
		{2A717C10-AD7A-488D-BBA3-56C1707DFF3E}.Release|Any CPU.Build.0 = Release|Any CPU
		{2A717C10-AD7A-488D-BBA3-56C1707DFF3E}.Release|x64.ActiveCfg = Release|Any CPU
		{2A717C10-AD7A-488D-BBA3-56C1707DFF3E}.Release|x64.Build.0 = Release|Any CPU
		{2A717C10-AD7A-488D-BBA3-56C1707DFF3E}.Release|x86.ActiveCfg = Release|Any CPU
		{2A717C10-AD7A-488D-BBA3-56C1707DFF3E}.Release|x86.Build.0 = Release|Any CPU
		{741AAC85-8903-4E31-B7C2-267F40154D80}.Debug|Any CPU.ActiveCfg = Debug|Any CPU
		{741AAC85-8903-4E31-B7C2-267F40154D80}.Debug|Any CPU.Build.0 = Debug|Any CPU
		{741AAC85-8903-4E31-B7C2-267F40154D80}.Debug|x64.ActiveCfg = Debug|Any CPU
		{741AAC85-8903-4E31-B7C2-267F40154D80}.Debug|x64.Build.0 = Debug|Any CPU
		{741AAC85-8903-4E31-B7C2-267F40154D80}.Debug|x86.ActiveCfg = Debug|Any CPU
		{741AAC85-8903-4E31-B7C2-267F40154D80}.Debug|x86.Build.0 = Debug|Any CPU
		{741AAC85-8903-4E31-B7C2-267F40154D80}.Release|Any CPU.ActiveCfg = Release|Any CPU
		{741AAC85-8903-4E31-B7C2-267F40154D80}.Release|Any CPU.Build.0 = Release|Any CPU
		{741AAC85-8903-4E31-B7C2-267F40154D80}.Release|x64.ActiveCfg = Release|Any CPU
		{741AAC85-8903-4E31-B7C2-267F40154D80}.Release|x64.Build.0 = Release|Any CPU
		{741AAC85-8903-4E31-B7C2-267F40154D80}.Release|x86.ActiveCfg = Release|Any CPU
		{741AAC85-8903-4E31-B7C2-267F40154D80}.Release|x86.Build.0 = Release|Any CPU
		{CAB76862-4BC7-4260-9E6D-8E69B90A9ABC}.Debug|Any CPU.ActiveCfg = Debug|Any CPU
		{CAB76862-4BC7-4260-9E6D-8E69B90A9ABC}.Debug|Any CPU.Build.0 = Debug|Any CPU
		{CAB76862-4BC7-4260-9E6D-8E69B90A9ABC}.Debug|x64.ActiveCfg = Debug|Any CPU
		{CAB76862-4BC7-4260-9E6D-8E69B90A9ABC}.Debug|x64.Build.0 = Debug|Any CPU
		{CAB76862-4BC7-4260-9E6D-8E69B90A9ABC}.Debug|x86.ActiveCfg = Debug|Any CPU
		{CAB76862-4BC7-4260-9E6D-8E69B90A9ABC}.Debug|x86.Build.0 = Debug|Any CPU
		{CAB76862-4BC7-4260-9E6D-8E69B90A9ABC}.Release|Any CPU.ActiveCfg = Release|Any CPU
		{CAB76862-4BC7-4260-9E6D-8E69B90A9ABC}.Release|Any CPU.Build.0 = Release|Any CPU
		{CAB76862-4BC7-4260-9E6D-8E69B90A9ABC}.Release|x64.ActiveCfg = Release|Any CPU
		{CAB76862-4BC7-4260-9E6D-8E69B90A9ABC}.Release|x64.Build.0 = Release|Any CPU
		{CAB76862-4BC7-4260-9E6D-8E69B90A9ABC}.Release|x86.ActiveCfg = Release|Any CPU
		{CAB76862-4BC7-4260-9E6D-8E69B90A9ABC}.Release|x86.Build.0 = Release|Any CPU
		{F9DB5E32-97BD-422D-B921-44833B35C179}.Debug|Any CPU.ActiveCfg = Debug|Any CPU
		{F9DB5E32-97BD-422D-B921-44833B35C179}.Debug|Any CPU.Build.0 = Debug|Any CPU
		{F9DB5E32-97BD-422D-B921-44833B35C179}.Debug|x64.ActiveCfg = Debug|Any CPU
		{F9DB5E32-97BD-422D-B921-44833B35C179}.Debug|x64.Build.0 = Debug|Any CPU
		{F9DB5E32-97BD-422D-B921-44833B35C179}.Debug|x86.ActiveCfg = Debug|Any CPU
		{F9DB5E32-97BD-422D-B921-44833B35C179}.Debug|x86.Build.0 = Debug|Any CPU
		{F9DB5E32-97BD-422D-B921-44833B35C179}.Release|Any CPU.ActiveCfg = Release|Any CPU
		{F9DB5E32-97BD-422D-B921-44833B35C179}.Release|Any CPU.Build.0 = Release|Any CPU
		{F9DB5E32-97BD-422D-B921-44833B35C179}.Release|x64.ActiveCfg = Release|Any CPU
		{F9DB5E32-97BD-422D-B921-44833B35C179}.Release|x64.Build.0 = Release|Any CPU
		{F9DB5E32-97BD-422D-B921-44833B35C179}.Release|x86.ActiveCfg = Release|Any CPU
		{F9DB5E32-97BD-422D-B921-44833B35C179}.Release|x86.Build.0 = Release|Any CPU
		{6F0A0857-521E-412F-B8CA-1780EC6BB090}.Debug|Any CPU.ActiveCfg = Debug|Any CPU
		{6F0A0857-521E-412F-B8CA-1780EC6BB090}.Debug|Any CPU.Build.0 = Debug|Any CPU
		{6F0A0857-521E-412F-B8CA-1780EC6BB090}.Debug|x64.ActiveCfg = Debug|Any CPU
		{6F0A0857-521E-412F-B8CA-1780EC6BB090}.Debug|x64.Build.0 = Debug|Any CPU
		{6F0A0857-521E-412F-B8CA-1780EC6BB090}.Debug|x86.ActiveCfg = Debug|Any CPU
		{6F0A0857-521E-412F-B8CA-1780EC6BB090}.Debug|x86.Build.0 = Debug|Any CPU
		{6F0A0857-521E-412F-B8CA-1780EC6BB090}.Release|Any CPU.ActiveCfg = Release|Any CPU
		{6F0A0857-521E-412F-B8CA-1780EC6BB090}.Release|Any CPU.Build.0 = Release|Any CPU
		{6F0A0857-521E-412F-B8CA-1780EC6BB090}.Release|x64.ActiveCfg = Release|Any CPU
		{6F0A0857-521E-412F-B8CA-1780EC6BB090}.Release|x64.Build.0 = Release|Any CPU
		{6F0A0857-521E-412F-B8CA-1780EC6BB090}.Release|x86.ActiveCfg = Release|Any CPU
		{6F0A0857-521E-412F-B8CA-1780EC6BB090}.Release|x86.Build.0 = Release|Any CPU
		{8388373C-821D-48F4-8CF5-595CD83F08A4}.Debug|Any CPU.ActiveCfg = Debug|Any CPU
		{8388373C-821D-48F4-8CF5-595CD83F08A4}.Debug|Any CPU.Build.0 = Debug|Any CPU
		{8388373C-821D-48F4-8CF5-595CD83F08A4}.Debug|x64.ActiveCfg = Debug|Any CPU
		{8388373C-821D-48F4-8CF5-595CD83F08A4}.Debug|x64.Build.0 = Debug|Any CPU
		{8388373C-821D-48F4-8CF5-595CD83F08A4}.Debug|x86.ActiveCfg = Debug|Any CPU
		{8388373C-821D-48F4-8CF5-595CD83F08A4}.Debug|x86.Build.0 = Debug|Any CPU
		{8388373C-821D-48F4-8CF5-595CD83F08A4}.Release|Any CPU.ActiveCfg = Release|Any CPU
		{8388373C-821D-48F4-8CF5-595CD83F08A4}.Release|Any CPU.Build.0 = Release|Any CPU
		{8388373C-821D-48F4-8CF5-595CD83F08A4}.Release|x64.ActiveCfg = Release|Any CPU
		{8388373C-821D-48F4-8CF5-595CD83F08A4}.Release|x64.Build.0 = Release|Any CPU
		{8388373C-821D-48F4-8CF5-595CD83F08A4}.Release|x86.ActiveCfg = Release|Any CPU
		{8388373C-821D-48F4-8CF5-595CD83F08A4}.Release|x86.Build.0 = Release|Any CPU
		{105013D7-1EF6-4BC6-B595-31D558EE6515}.Debug|Any CPU.ActiveCfg = Debug|Any CPU
		{105013D7-1EF6-4BC6-B595-31D558EE6515}.Debug|Any CPU.Build.0 = Debug|Any CPU
		{105013D7-1EF6-4BC6-B595-31D558EE6515}.Debug|x64.ActiveCfg = Debug|Any CPU
		{105013D7-1EF6-4BC6-B595-31D558EE6515}.Debug|x64.Build.0 = Debug|Any CPU
		{105013D7-1EF6-4BC6-B595-31D558EE6515}.Debug|x86.ActiveCfg = Debug|Any CPU
		{105013D7-1EF6-4BC6-B595-31D558EE6515}.Debug|x86.Build.0 = Debug|Any CPU
		{105013D7-1EF6-4BC6-B595-31D558EE6515}.Release|Any CPU.ActiveCfg = Release|Any CPU
		{105013D7-1EF6-4BC6-B595-31D558EE6515}.Release|Any CPU.Build.0 = Release|Any CPU
		{105013D7-1EF6-4BC6-B595-31D558EE6515}.Release|x64.ActiveCfg = Release|Any CPU
		{105013D7-1EF6-4BC6-B595-31D558EE6515}.Release|x64.Build.0 = Release|Any CPU
		{105013D7-1EF6-4BC6-B595-31D558EE6515}.Release|x86.ActiveCfg = Release|Any CPU
		{105013D7-1EF6-4BC6-B595-31D558EE6515}.Release|x86.Build.0 = Release|Any CPU
	EndGlobalSection
	GlobalSection(SolutionProperties) = preSolution
		HideSolutionNode = FALSE
	EndGlobalSection
	GlobalSection(ExtensibilityGlobals) = postSolution
		SolutionGuid = {40124BCC-581D-4399-8636-04D456D83938}
	EndGlobalSection
EndGlobal
