
Microsoft Visual Studio Solution File, Format Version 12.00
# Visual Studio Version 16
VisualStudioVersion = 16.0.29123.88
MinimumVisualStudioVersion = 15.0.26124.0
Project("{9A19103F-16F7-4668-BE54-9A1E7A4F7556}") = "Presentation22", "Presentation22\Presentation22.csproj", "{42F40923-BF5E-4C19-B622-2B107E165461}"
EndProject
Project("{9A19103F-16F7-4668-BE54-9A1E7A4F7556}") = "DecimalToN", "DecimalToN\DecimalToN.csproj", "{377A1188-AF0C-48BA-84D8-0659D0B238F8}"
EndProject
Project("{9A19103F-16F7-4668-BE54-9A1E7A4F7556}") = "NToDecimal", "NToDecimal\NToDecimal.csproj", "{66DAD2E5-9DC1-429A-9A84-7B73F175F41E}"
EndProject
Project("{9A19103F-16F7-4668-BE54-9A1E7A4F7556}") = "Unicode", "Unicode\Unicode.csproj", "{4C714893-056C-4A15-877F-12885E2B30B0}"
EndProject
Project("{9A19103F-16F7-4668-BE54-9A1E7A4F7556}") = "MultiplyStrings", "MultiplyStrings\MultiplyStrings.csproj", "{A6CAF070-6520-4E1F-BB12-6AC9BF2BC053}"
EndProject
Project("{9A19103F-16F7-4668-BE54-9A1E7A4F7556}") = "Palindrome", "Palindrome\Palindrome.csproj", "{0539DE07-B8D9-4627-A9A3-56B4B4A294CA}"
EndProject
Project("{9A19103F-16F7-4668-BE54-9A1E7A4F7556}") = "MagicChangingWords", "MagicChangingWords\MagicChangingWords.csproj", "{EDA636C2-AEF0-48CC-82F4-7142381B83C2}"
EndProject
Project("{9A19103F-16F7-4668-BE54-9A1E7A4F7556}") = "SumOfBigNUmbers", "SumOfBigNUmbers\SumOfBigNUmbers.csproj", "{BB1BCF83-102F-44F2-B9F2-DBCDCC424308}"
EndProject
Project("{FAE04EC0-301F-11D3-BF4B-00C04F79EFBC}") = "Presentation23", "Presentation23\Presentation23.csproj", "{CD223720-09F1-4BAE-B46F-B4F8EB67195C}"
EndProject
Global
	GlobalSection(SolutionConfigurationPlatforms) = preSolution
		Debug|Any CPU = Debug|Any CPU
		Debug|x64 = Debug|x64
		Debug|x86 = Debug|x86
		Release|Any CPU = Release|Any CPU
		Release|x64 = Release|x64
		Release|x86 = Release|x86
	EndGlobalSection
	GlobalSection(ProjectConfigurationPlatforms) = postSolution
		{42F40923-BF5E-4C19-B622-2B107E165461}.Debug|Any CPU.ActiveCfg = Debug|Any CPU
		{42F40923-BF5E-4C19-B622-2B107E165461}.Debug|Any CPU.Build.0 = Debug|Any CPU
		{42F40923-BF5E-4C19-B622-2B107E165461}.Debug|x64.ActiveCfg = Debug|Any CPU
		{42F40923-BF5E-4C19-B622-2B107E165461}.Debug|x64.Build.0 = Debug|Any CPU
		{42F40923-BF5E-4C19-B622-2B107E165461}.Debug|x86.ActiveCfg = Debug|Any CPU
		{42F40923-BF5E-4C19-B622-2B107E165461}.Debug|x86.Build.0 = Debug|Any CPU
		{42F40923-BF5E-4C19-B622-2B107E165461}.Release|Any CPU.ActiveCfg = Release|Any CPU
		{42F40923-BF5E-4C19-B622-2B107E165461}.Release|Any CPU.Build.0 = Release|Any CPU
		{42F40923-BF5E-4C19-B622-2B107E165461}.Release|x64.ActiveCfg = Release|Any CPU
		{42F40923-BF5E-4C19-B622-2B107E165461}.Release|x64.Build.0 = Release|Any CPU
		{42F40923-BF5E-4C19-B622-2B107E165461}.Release|x86.ActiveCfg = Release|Any CPU
		{42F40923-BF5E-4C19-B622-2B107E165461}.Release|x86.Build.0 = Release|Any CPU
		{377A1188-AF0C-48BA-84D8-0659D0B238F8}.Debug|Any CPU.ActiveCfg = Debug|Any CPU
		{377A1188-AF0C-48BA-84D8-0659D0B238F8}.Debug|Any CPU.Build.0 = Debug|Any CPU
		{377A1188-AF0C-48BA-84D8-0659D0B238F8}.Debug|x64.ActiveCfg = Debug|Any CPU
		{377A1188-AF0C-48BA-84D8-0659D0B238F8}.Debug|x64.Build.0 = Debug|Any CPU
		{377A1188-AF0C-48BA-84D8-0659D0B238F8}.Debug|x86.ActiveCfg = Debug|Any CPU
		{377A1188-AF0C-48BA-84D8-0659D0B238F8}.Debug|x86.Build.0 = Debug|Any CPU
		{377A1188-AF0C-48BA-84D8-0659D0B238F8}.Release|Any CPU.ActiveCfg = Release|Any CPU
		{377A1188-AF0C-48BA-84D8-0659D0B238F8}.Release|Any CPU.Build.0 = Release|Any CPU
		{377A1188-AF0C-48BA-84D8-0659D0B238F8}.Release|x64.ActiveCfg = Release|Any CPU
		{377A1188-AF0C-48BA-84D8-0659D0B238F8}.Release|x64.Build.0 = Release|Any CPU
		{377A1188-AF0C-48BA-84D8-0659D0B238F8}.Release|x86.ActiveCfg = Release|Any CPU
		{377A1188-AF0C-48BA-84D8-0659D0B238F8}.Release|x86.Build.0 = Release|Any CPU
		{66DAD2E5-9DC1-429A-9A84-7B73F175F41E}.Debug|Any CPU.ActiveCfg = Debug|Any CPU
		{66DAD2E5-9DC1-429A-9A84-7B73F175F41E}.Debug|Any CPU.Build.0 = Debug|Any CPU
		{66DAD2E5-9DC1-429A-9A84-7B73F175F41E}.Debug|x64.ActiveCfg = Debug|Any CPU
		{66DAD2E5-9DC1-429A-9A84-7B73F175F41E}.Debug|x64.Build.0 = Debug|Any CPU
		{66DAD2E5-9DC1-429A-9A84-7B73F175F41E}.Debug|x86.ActiveCfg = Debug|Any CPU
		{66DAD2E5-9DC1-429A-9A84-7B73F175F41E}.Debug|x86.Build.0 = Debug|Any CPU
		{66DAD2E5-9DC1-429A-9A84-7B73F175F41E}.Release|Any CPU.ActiveCfg = Release|Any CPU
		{66DAD2E5-9DC1-429A-9A84-7B73F175F41E}.Release|Any CPU.Build.0 = Release|Any CPU
		{66DAD2E5-9DC1-429A-9A84-7B73F175F41E}.Release|x64.ActiveCfg = Release|Any CPU
		{66DAD2E5-9DC1-429A-9A84-7B73F175F41E}.Release|x64.Build.0 = Release|Any CPU
		{66DAD2E5-9DC1-429A-9A84-7B73F175F41E}.Release|x86.ActiveCfg = Release|Any CPU
		{66DAD2E5-9DC1-429A-9A84-7B73F175F41E}.Release|x86.Build.0 = Release|Any CPU
		{4C714893-056C-4A15-877F-12885E2B30B0}.Debug|Any CPU.ActiveCfg = Debug|Any CPU
		{4C714893-056C-4A15-877F-12885E2B30B0}.Debug|Any CPU.Build.0 = Debug|Any CPU
		{4C714893-056C-4A15-877F-12885E2B30B0}.Debug|x64.ActiveCfg = Debug|Any CPU
		{4C714893-056C-4A15-877F-12885E2B30B0}.Debug|x64.Build.0 = Debug|Any CPU
		{4C714893-056C-4A15-877F-12885E2B30B0}.Debug|x86.ActiveCfg = Debug|Any CPU
		{4C714893-056C-4A15-877F-12885E2B30B0}.Debug|x86.Build.0 = Debug|Any CPU
		{4C714893-056C-4A15-877F-12885E2B30B0}.Release|Any CPU.ActiveCfg = Release|Any CPU
		{4C714893-056C-4A15-877F-12885E2B30B0}.Release|Any CPU.Build.0 = Release|Any CPU
		{4C714893-056C-4A15-877F-12885E2B30B0}.Release|x64.ActiveCfg = Release|Any CPU
		{4C714893-056C-4A15-877F-12885E2B30B0}.Release|x64.Build.0 = Release|Any CPU
		{4C714893-056C-4A15-877F-12885E2B30B0}.Release|x86.ActiveCfg = Release|Any CPU
		{4C714893-056C-4A15-877F-12885E2B30B0}.Release|x86.Build.0 = Release|Any CPU
		{A6CAF070-6520-4E1F-BB12-6AC9BF2BC053}.Debug|Any CPU.ActiveCfg = Debug|Any CPU
		{A6CAF070-6520-4E1F-BB12-6AC9BF2BC053}.Debug|Any CPU.Build.0 = Debug|Any CPU
		{A6CAF070-6520-4E1F-BB12-6AC9BF2BC053}.Debug|x64.ActiveCfg = Debug|Any CPU
		{A6CAF070-6520-4E1F-BB12-6AC9BF2BC053}.Debug|x64.Build.0 = Debug|Any CPU
		{A6CAF070-6520-4E1F-BB12-6AC9BF2BC053}.Debug|x86.ActiveCfg = Debug|Any CPU
		{A6CAF070-6520-4E1F-BB12-6AC9BF2BC053}.Debug|x86.Build.0 = Debug|Any CPU
		{A6CAF070-6520-4E1F-BB12-6AC9BF2BC053}.Release|Any CPU.ActiveCfg = Release|Any CPU
		{A6CAF070-6520-4E1F-BB12-6AC9BF2BC053}.Release|Any CPU.Build.0 = Release|Any CPU
		{A6CAF070-6520-4E1F-BB12-6AC9BF2BC053}.Release|x64.ActiveCfg = Release|Any CPU
		{A6CAF070-6520-4E1F-BB12-6AC9BF2BC053}.Release|x64.Build.0 = Release|Any CPU
		{A6CAF070-6520-4E1F-BB12-6AC9BF2BC053}.Release|x86.ActiveCfg = Release|Any CPU
		{A6CAF070-6520-4E1F-BB12-6AC9BF2BC053}.Release|x86.Build.0 = Release|Any CPU
		{0539DE07-B8D9-4627-A9A3-56B4B4A294CA}.Debug|Any CPU.ActiveCfg = Debug|Any CPU
		{0539DE07-B8D9-4627-A9A3-56B4B4A294CA}.Debug|Any CPU.Build.0 = Debug|Any CPU
		{0539DE07-B8D9-4627-A9A3-56B4B4A294CA}.Debug|x64.ActiveCfg = Debug|Any CPU
		{0539DE07-B8D9-4627-A9A3-56B4B4A294CA}.Debug|x64.Build.0 = Debug|Any CPU
		{0539DE07-B8D9-4627-A9A3-56B4B4A294CA}.Debug|x86.ActiveCfg = Debug|Any CPU
		{0539DE07-B8D9-4627-A9A3-56B4B4A294CA}.Debug|x86.Build.0 = Debug|Any CPU
		{0539DE07-B8D9-4627-A9A3-56B4B4A294CA}.Release|Any CPU.ActiveCfg = Release|Any CPU
		{0539DE07-B8D9-4627-A9A3-56B4B4A294CA}.Release|Any CPU.Build.0 = Release|Any CPU
		{0539DE07-B8D9-4627-A9A3-56B4B4A294CA}.Release|x64.ActiveCfg = Release|Any CPU
		{0539DE07-B8D9-4627-A9A3-56B4B4A294CA}.Release|x64.Build.0 = Release|Any CPU
		{0539DE07-B8D9-4627-A9A3-56B4B4A294CA}.Release|x86.ActiveCfg = Release|Any CPU
		{0539DE07-B8D9-4627-A9A3-56B4B4A294CA}.Release|x86.Build.0 = Release|Any CPU
		{EDA636C2-AEF0-48CC-82F4-7142381B83C2}.Debug|Any CPU.ActiveCfg = Debug|Any CPU
		{EDA636C2-AEF0-48CC-82F4-7142381B83C2}.Debug|Any CPU.Build.0 = Debug|Any CPU
		{EDA636C2-AEF0-48CC-82F4-7142381B83C2}.Debug|x64.ActiveCfg = Debug|Any CPU
		{EDA636C2-AEF0-48CC-82F4-7142381B83C2}.Debug|x64.Build.0 = Debug|Any CPU
		{EDA636C2-AEF0-48CC-82F4-7142381B83C2}.Debug|x86.ActiveCfg = Debug|Any CPU
		{EDA636C2-AEF0-48CC-82F4-7142381B83C2}.Debug|x86.Build.0 = Debug|Any CPU
		{EDA636C2-AEF0-48CC-82F4-7142381B83C2}.Release|Any CPU.ActiveCfg = Release|Any CPU
		{EDA636C2-AEF0-48CC-82F4-7142381B83C2}.Release|Any CPU.Build.0 = Release|Any CPU
		{EDA636C2-AEF0-48CC-82F4-7142381B83C2}.Release|x64.ActiveCfg = Release|Any CPU
		{EDA636C2-AEF0-48CC-82F4-7142381B83C2}.Release|x64.Build.0 = Release|Any CPU
		{EDA636C2-AEF0-48CC-82F4-7142381B83C2}.Release|x86.ActiveCfg = Release|Any CPU
		{EDA636C2-AEF0-48CC-82F4-7142381B83C2}.Release|x86.Build.0 = Release|Any CPU
		{BB1BCF83-102F-44F2-B9F2-DBCDCC424308}.Debug|Any CPU.ActiveCfg = Debug|Any CPU
		{BB1BCF83-102F-44F2-B9F2-DBCDCC424308}.Debug|Any CPU.Build.0 = Debug|Any CPU
		{BB1BCF83-102F-44F2-B9F2-DBCDCC424308}.Debug|x64.ActiveCfg = Debug|Any CPU
		{BB1BCF83-102F-44F2-B9F2-DBCDCC424308}.Debug|x64.Build.0 = Debug|Any CPU
		{BB1BCF83-102F-44F2-B9F2-DBCDCC424308}.Debug|x86.ActiveCfg = Debug|Any CPU
		{BB1BCF83-102F-44F2-B9F2-DBCDCC424308}.Debug|x86.Build.0 = Debug|Any CPU
		{BB1BCF83-102F-44F2-B9F2-DBCDCC424308}.Release|Any CPU.ActiveCfg = Release|Any CPU
		{BB1BCF83-102F-44F2-B9F2-DBCDCC424308}.Release|Any CPU.Build.0 = Release|Any CPU
		{BB1BCF83-102F-44F2-B9F2-DBCDCC424308}.Release|x64.ActiveCfg = Release|Any CPU
		{BB1BCF83-102F-44F2-B9F2-DBCDCC424308}.Release|x64.Build.0 = Release|Any CPU
		{BB1BCF83-102F-44F2-B9F2-DBCDCC424308}.Release|x86.ActiveCfg = Release|Any CPU
		{BB1BCF83-102F-44F2-B9F2-DBCDCC424308}.Release|x86.Build.0 = Release|Any CPU
		{CD223720-09F1-4BAE-B46F-B4F8EB67195C}.Debug|Any CPU.ActiveCfg = Debug|Any CPU
		{CD223720-09F1-4BAE-B46F-B4F8EB67195C}.Debug|Any CPU.Build.0 = Debug|Any CPU
		{CD223720-09F1-4BAE-B46F-B4F8EB67195C}.Debug|x64.ActiveCfg = Debug|Any CPU
		{CD223720-09F1-4BAE-B46F-B4F8EB67195C}.Debug|x64.Build.0 = Debug|Any CPU
		{CD223720-09F1-4BAE-B46F-B4F8EB67195C}.Debug|x86.ActiveCfg = Debug|Any CPU
		{CD223720-09F1-4BAE-B46F-B4F8EB67195C}.Debug|x86.Build.0 = Debug|Any CPU
		{CD223720-09F1-4BAE-B46F-B4F8EB67195C}.Release|Any CPU.ActiveCfg = Release|Any CPU
		{CD223720-09F1-4BAE-B46F-B4F8EB67195C}.Release|Any CPU.Build.0 = Release|Any CPU
		{CD223720-09F1-4BAE-B46F-B4F8EB67195C}.Release|x64.ActiveCfg = Release|Any CPU
		{CD223720-09F1-4BAE-B46F-B4F8EB67195C}.Release|x64.Build.0 = Release|Any CPU
		{CD223720-09F1-4BAE-B46F-B4F8EB67195C}.Release|x86.ActiveCfg = Release|Any CPU
		{CD223720-09F1-4BAE-B46F-B4F8EB67195C}.Release|x86.Build.0 = Release|Any CPU
	EndGlobalSection
	GlobalSection(SolutionProperties) = preSolution
		HideSolutionNode = FALSE
	EndGlobalSection
	GlobalSection(ExtensibilityGlobals) = postSolution
		SolutionGuid = {C7B4D2D4-914E-482A-B296-47758AC47E78}
	EndGlobalSection
EndGlobal
