
Microsoft Visual Studio Solution File, Format Version 12.00
# Visual Studio 15
VisualStudioVersion = 15.0.27703.2035
MinimumVisualStudioVersion = 10.0.40219.1
Project("{FAE04EC0-301F-11D3-BF4B-00C04F79EFBC}") = "Numbers1To100", "Numbers1To100\Numbers1To100.csproj", "{2EE8070F-19E2-433E-803F-399B59C797E3}"
EndProject
Project("{FAE04EC0-301F-11D3-BF4B-00C04F79EFBC}") = "NumbersEnding7", "NumbersEnding7\NumbersEnding7.csproj", "{BA580F1D-FCAC-4373-9A03-03B7C349C7A2}"
EndProject
Project("{FAE04EC0-301F-11D3-BF4B-00C04F79EFBC}") = "LatinLetters", "LatinLetters\LatinLetters.csproj", "{1E3C69CD-36DA-4F26-B258-D8D5870D70D3}"
EndProject
Project("{FAE04EC0-301F-11D3-BF4B-00C04F79EFBC}") = "SumOfNumbers", "SumOfNumbers\SumOfNumbers.csproj", "{051ACB83-DE5C-4F2C-9F2D-87143348099B}"
EndProject
Project("{FAE04EC0-301F-11D3-BF4B-00C04F79EFBC}") = "MaxNumber", "MaxNumber\MaxNumber.csproj", "{810515AD-959B-495B-B5C6-900952CB291D}"
EndProject
Project("{FAE04EC0-301F-11D3-BF4B-00C04F79EFBC}") = "MinNumber", "MinNumber\MinNumber.csproj", "{4D8E3CAE-DBC1-4DD9-A1E5-14E904CC9AD2}"
EndProject
Project("{FAE04EC0-301F-11D3-BF4B-00C04F79EFBC}") = "LeftRightSum", "LeftRightSum\LeftRightSum.csproj", "{504A6A5E-361F-4CA8-B78E-FB71E02D6DD7}"
EndProject
Project("{FAE04EC0-301F-11D3-BF4B-00C04F79EFBC}") = "EvenOddNumbers", "EvenOddNumbers\EvenOddNumbers.csproj", "{5C2562A2-03EB-4E0E-8630-F7475799C463}"
EndProject
Project("{FAE04EC0-301F-11D3-BF4B-00C04F79EFBC}") = "EqualCouples", "EqualCouples\EqualCouples.csproj", "{C58A25AF-AEDA-4DF7-A4FF-BC3936CB9CC4}"
EndProject
Project("{FAE04EC0-301F-11D3-BF4B-00C04F79EFBC}") = "SumOfTheOthers", "SumOfTheOthers\SumOfTheOthers.csproj", "{84ACDF1A-8EAF-4E2A-8869-31142BFBCA9F}"
EndProject
Global
	GlobalSection(SolutionConfigurationPlatforms) = preSolution
		Debug|Any CPU = Debug|Any CPU
		Release|Any CPU = Release|Any CPU
	EndGlobalSection
	GlobalSection(ProjectConfigurationPlatforms) = postSolution
		{2EE8070F-19E2-433E-803F-399B59C797E3}.Debug|Any CPU.ActiveCfg = Debug|Any CPU
		{2EE8070F-19E2-433E-803F-399B59C797E3}.Debug|Any CPU.Build.0 = Debug|Any CPU
		{2EE8070F-19E2-433E-803F-399B59C797E3}.Release|Any CPU.ActiveCfg = Release|Any CPU
		{2EE8070F-19E2-433E-803F-399B59C797E3}.Release|Any CPU.Build.0 = Release|Any CPU
		{BA580F1D-FCAC-4373-9A03-03B7C349C7A2}.Debug|Any CPU.ActiveCfg = Debug|Any CPU
		{BA580F1D-FCAC-4373-9A03-03B7C349C7A2}.Debug|Any CPU.Build.0 = Debug|Any CPU
		{BA580F1D-FCAC-4373-9A03-03B7C349C7A2}.Release|Any CPU.ActiveCfg = Release|Any CPU
		{BA580F1D-FCAC-4373-9A03-03B7C349C7A2}.Release|Any CPU.Build.0 = Release|Any CPU
		{1E3C69CD-36DA-4F26-B258-D8D5870D70D3}.Debug|Any CPU.ActiveCfg = Debug|Any CPU
		{1E3C69CD-36DA-4F26-B258-D8D5870D70D3}.Debug|Any CPU.Build.0 = Debug|Any CPU
		{1E3C69CD-36DA-4F26-B258-D8D5870D70D3}.Release|Any CPU.ActiveCfg = Release|Any CPU
		{1E3C69CD-36DA-4F26-B258-D8D5870D70D3}.Release|Any CPU.Build.0 = Release|Any CPU
		{051ACB83-DE5C-4F2C-9F2D-87143348099B}.Debug|Any CPU.ActiveCfg = Debug|Any CPU
		{051ACB83-DE5C-4F2C-9F2D-87143348099B}.Debug|Any CPU.Build.0 = Debug|Any CPU
		{051ACB83-DE5C-4F2C-9F2D-87143348099B}.Release|Any CPU.ActiveCfg = Release|Any CPU
		{051ACB83-DE5C-4F2C-9F2D-87143348099B}.Release|Any CPU.Build.0 = Release|Any CPU
		{810515AD-959B-495B-B5C6-900952CB291D}.Debug|Any CPU.ActiveCfg = Debug|Any CPU
		{810515AD-959B-495B-B5C6-900952CB291D}.Debug|Any CPU.Build.0 = Debug|Any CPU
		{810515AD-959B-495B-B5C6-900952CB291D}.Release|Any CPU.ActiveCfg = Release|Any CPU
		{810515AD-959B-495B-B5C6-900952CB291D}.Release|Any CPU.Build.0 = Release|Any CPU
		{4D8E3CAE-DBC1-4DD9-A1E5-14E904CC9AD2}.Debug|Any CPU.ActiveCfg = Debug|Any CPU
		{4D8E3CAE-DBC1-4DD9-A1E5-14E904CC9AD2}.Debug|Any CPU.Build.0 = Debug|Any CPU
		{4D8E3CAE-DBC1-4DD9-A1E5-14E904CC9AD2}.Release|Any CPU.ActiveCfg = Release|Any CPU
		{4D8E3CAE-DBC1-4DD9-A1E5-14E904CC9AD2}.Release|Any CPU.Build.0 = Release|Any CPU
		{504A6A5E-361F-4CA8-B78E-FB71E02D6DD7}.Debug|Any CPU.ActiveCfg = Debug|Any CPU
		{504A6A5E-361F-4CA8-B78E-FB71E02D6DD7}.Debug|Any CPU.Build.0 = Debug|Any CPU
		{504A6A5E-361F-4CA8-B78E-FB71E02D6DD7}.Release|Any CPU.ActiveCfg = Release|Any CPU
		{504A6A5E-361F-4CA8-B78E-FB71E02D6DD7}.Release|Any CPU.Build.0 = Release|Any CPU
		{5C2562A2-03EB-4E0E-8630-F7475799C463}.Debug|Any CPU.ActiveCfg = Debug|Any CPU
		{5C2562A2-03EB-4E0E-8630-F7475799C463}.Debug|Any CPU.Build.0 = Debug|Any CPU
		{5C2562A2-03EB-4E0E-8630-F7475799C463}.Release|Any CPU.ActiveCfg = Release|Any CPU
		{5C2562A2-03EB-4E0E-8630-F7475799C463}.Release|Any CPU.Build.0 = Release|Any CPU
		{C58A25AF-AEDA-4DF7-A4FF-BC3936CB9CC4}.Debug|Any CPU.ActiveCfg = Debug|Any CPU
		{C58A25AF-AEDA-4DF7-A4FF-BC3936CB9CC4}.Debug|Any CPU.Build.0 = Debug|Any CPU
		{C58A25AF-AEDA-4DF7-A4FF-BC3936CB9CC4}.Release|Any CPU.ActiveCfg = Release|Any CPU
		{C58A25AF-AEDA-4DF7-A4FF-BC3936CB9CC4}.Release|Any CPU.Build.0 = Release|Any CPU
		{84ACDF1A-8EAF-4E2A-8869-31142BFBCA9F}.Debug|Any CPU.ActiveCfg = Debug|Any CPU
		{84ACDF1A-8EAF-4E2A-8869-31142BFBCA9F}.Debug|Any CPU.Build.0 = Debug|Any CPU
		{84ACDF1A-8EAF-4E2A-8869-31142BFBCA9F}.Release|Any CPU.ActiveCfg = Release|Any CPU
		{84ACDF1A-8EAF-4E2A-8869-31142BFBCA9F}.Release|Any CPU.Build.0 = Release|Any CPU
	EndGlobalSection
	GlobalSection(SolutionProperties) = preSolution
		HideSolutionNode = FALSE
	EndGlobalSection
	GlobalSection(ExtensibilityGlobals) = postSolution
		SolutionGuid = {1E14A411-A0CE-4201-9329-914ED388AFF7}
	EndGlobalSection
EndGlobal
