
Microsoft Visual Studio Solution File, Format Version 12.00
# Visual Studio 15
VisualStudioVersion = 15.0.26124.0
MinimumVisualStudioVersion = 15.0.26124.0
Project("{FAE04EC0-301F-11D3-BF4B-00C04F79EFBC}") = "ArrayList", "ArrayList\ArrayList.csproj", "{9338F07A-5A1E-4C8B-B1AB-24E192485AA6}"
EndProject
Project("{FAE04EC0-301F-11D3-BF4B-00C04F79EFBC}") = "LinkedList", "LinkedList\LinkedList.csproj", "{EA301B82-1585-4B4E-B5DB-D7BB18CFAE52}"
EndProject
Project("{FAE04EC0-301F-11D3-BF4B-00C04F79EFBC}") = "Queue", "Queue\Queue.csproj", "{74D803F6-D1AE-44C8-B804-033C24700221}"
EndProject
Project("{FAE04EC0-301F-11D3-BF4B-00C04F79EFBC}") = "Stack", "Stack\Stack.csproj", "{C251B0F3-2963-4413-A2D5-06BD117358A3}"
EndProject
Project("{FAE04EC0-301F-11D3-BF4B-00C04F79EFBC}") = "ReversedList", "ReversedList\ReversedList.csproj", "{558C8A2F-DAF1-4E32-AD5A-F4BC02171118}"
EndProject
Project("{FAE04EC0-301F-11D3-BF4B-00C04F79EFBC}") = "DoublyLinkedList", "DoublyLinkedList\DoublyLinkedList.csproj", "{97C1561F-38FF-4994-9922-907E3328712F}"
EndProject
Project("{FAE04EC0-301F-11D3-BF4B-00C04F79EFBC}") = "DoublyLinkedQueue", "DoublyLinkedQueue\DoublyLinkedQueue.csproj", "{AF51E144-3131-4820-A51E-A8CDE6666FE0}"
EndProject
Global
	GlobalSection(SolutionConfigurationPlatforms) = preSolution
		Debug|Any CPU = Debug|Any CPU
		Debug|x64 = Debug|x64
		Debug|x86 = Debug|x86
		Release|Any CPU = Release|Any CPU
		Release|x64 = Release|x64
		Release|x86 = Release|x86
	EndGlobalSection
	GlobalSection(SolutionProperties) = preSolution
		HideSolutionNode = FALSE
	EndGlobalSection
	GlobalSection(ProjectConfigurationPlatforms) = postSolution
		{9338F07A-5A1E-4C8B-B1AB-24E192485AA6}.Debug|Any CPU.ActiveCfg = Debug|Any CPU
		{9338F07A-5A1E-4C8B-B1AB-24E192485AA6}.Debug|Any CPU.Build.0 = Debug|Any CPU
		{9338F07A-5A1E-4C8B-B1AB-24E192485AA6}.Debug|x64.ActiveCfg = Debug|Any CPU
		{9338F07A-5A1E-4C8B-B1AB-24E192485AA6}.Debug|x64.Build.0 = Debug|Any CPU
		{9338F07A-5A1E-4C8B-B1AB-24E192485AA6}.Debug|x86.ActiveCfg = Debug|Any CPU
		{9338F07A-5A1E-4C8B-B1AB-24E192485AA6}.Debug|x86.Build.0 = Debug|Any CPU
		{9338F07A-5A1E-4C8B-B1AB-24E192485AA6}.Release|Any CPU.ActiveCfg = Release|Any CPU
		{9338F07A-5A1E-4C8B-B1AB-24E192485AA6}.Release|Any CPU.Build.0 = Release|Any CPU
		{9338F07A-5A1E-4C8B-B1AB-24E192485AA6}.Release|x64.ActiveCfg = Release|Any CPU
		{9338F07A-5A1E-4C8B-B1AB-24E192485AA6}.Release|x64.Build.0 = Release|Any CPU
		{9338F07A-5A1E-4C8B-B1AB-24E192485AA6}.Release|x86.ActiveCfg = Release|Any CPU
		{9338F07A-5A1E-4C8B-B1AB-24E192485AA6}.Release|x86.Build.0 = Release|Any CPU
		{EA301B82-1585-4B4E-B5DB-D7BB18CFAE52}.Debug|Any CPU.ActiveCfg = Debug|Any CPU
		{EA301B82-1585-4B4E-B5DB-D7BB18CFAE52}.Debug|Any CPU.Build.0 = Debug|Any CPU
		{EA301B82-1585-4B4E-B5DB-D7BB18CFAE52}.Debug|x64.ActiveCfg = Debug|Any CPU
		{EA301B82-1585-4B4E-B5DB-D7BB18CFAE52}.Debug|x64.Build.0 = Debug|Any CPU
		{EA301B82-1585-4B4E-B5DB-D7BB18CFAE52}.Debug|x86.ActiveCfg = Debug|Any CPU
		{EA301B82-1585-4B4E-B5DB-D7BB18CFAE52}.Debug|x86.Build.0 = Debug|Any CPU
		{EA301B82-1585-4B4E-B5DB-D7BB18CFAE52}.Release|Any CPU.ActiveCfg = Release|Any CPU
		{EA301B82-1585-4B4E-B5DB-D7BB18CFAE52}.Release|Any CPU.Build.0 = Release|Any CPU
		{EA301B82-1585-4B4E-B5DB-D7BB18CFAE52}.Release|x64.ActiveCfg = Release|Any CPU
		{EA301B82-1585-4B4E-B5DB-D7BB18CFAE52}.Release|x64.Build.0 = Release|Any CPU
		{EA301B82-1585-4B4E-B5DB-D7BB18CFAE52}.Release|x86.ActiveCfg = Release|Any CPU
		{EA301B82-1585-4B4E-B5DB-D7BB18CFAE52}.Release|x86.Build.0 = Release|Any CPU
		{74D803F6-D1AE-44C8-B804-033C24700221}.Debug|Any CPU.ActiveCfg = Debug|Any CPU
		{74D803F6-D1AE-44C8-B804-033C24700221}.Debug|Any CPU.Build.0 = Debug|Any CPU
		{74D803F6-D1AE-44C8-B804-033C24700221}.Debug|x64.ActiveCfg = Debug|Any CPU
		{74D803F6-D1AE-44C8-B804-033C24700221}.Debug|x64.Build.0 = Debug|Any CPU
		{74D803F6-D1AE-44C8-B804-033C24700221}.Debug|x86.ActiveCfg = Debug|Any CPU
		{74D803F6-D1AE-44C8-B804-033C24700221}.Debug|x86.Build.0 = Debug|Any CPU
		{74D803F6-D1AE-44C8-B804-033C24700221}.Release|Any CPU.ActiveCfg = Release|Any CPU
		{74D803F6-D1AE-44C8-B804-033C24700221}.Release|Any CPU.Build.0 = Release|Any CPU
		{74D803F6-D1AE-44C8-B804-033C24700221}.Release|x64.ActiveCfg = Release|Any CPU
		{74D803F6-D1AE-44C8-B804-033C24700221}.Release|x64.Build.0 = Release|Any CPU
		{74D803F6-D1AE-44C8-B804-033C24700221}.Release|x86.ActiveCfg = Release|Any CPU
		{74D803F6-D1AE-44C8-B804-033C24700221}.Release|x86.Build.0 = Release|Any CPU
		{C251B0F3-2963-4413-A2D5-06BD117358A3}.Debug|Any CPU.ActiveCfg = Debug|Any CPU
		{C251B0F3-2963-4413-A2D5-06BD117358A3}.Debug|Any CPU.Build.0 = Debug|Any CPU
		{C251B0F3-2963-4413-A2D5-06BD117358A3}.Debug|x64.ActiveCfg = Debug|Any CPU
		{C251B0F3-2963-4413-A2D5-06BD117358A3}.Debug|x64.Build.0 = Debug|Any CPU
		{C251B0F3-2963-4413-A2D5-06BD117358A3}.Debug|x86.ActiveCfg = Debug|Any CPU
		{C251B0F3-2963-4413-A2D5-06BD117358A3}.Debug|x86.Build.0 = Debug|Any CPU
		{C251B0F3-2963-4413-A2D5-06BD117358A3}.Release|Any CPU.ActiveCfg = Release|Any CPU
		{C251B0F3-2963-4413-A2D5-06BD117358A3}.Release|Any CPU.Build.0 = Release|Any CPU
		{C251B0F3-2963-4413-A2D5-06BD117358A3}.Release|x64.ActiveCfg = Release|Any CPU
		{C251B0F3-2963-4413-A2D5-06BD117358A3}.Release|x64.Build.0 = Release|Any CPU
		{C251B0F3-2963-4413-A2D5-06BD117358A3}.Release|x86.ActiveCfg = Release|Any CPU
		{C251B0F3-2963-4413-A2D5-06BD117358A3}.Release|x86.Build.0 = Release|Any CPU
		{558C8A2F-DAF1-4E32-AD5A-F4BC02171118}.Debug|Any CPU.ActiveCfg = Debug|Any CPU
		{558C8A2F-DAF1-4E32-AD5A-F4BC02171118}.Debug|Any CPU.Build.0 = Debug|Any CPU
		{558C8A2F-DAF1-4E32-AD5A-F4BC02171118}.Debug|x64.ActiveCfg = Debug|Any CPU
		{558C8A2F-DAF1-4E32-AD5A-F4BC02171118}.Debug|x64.Build.0 = Debug|Any CPU
		{558C8A2F-DAF1-4E32-AD5A-F4BC02171118}.Debug|x86.ActiveCfg = Debug|Any CPU
		{558C8A2F-DAF1-4E32-AD5A-F4BC02171118}.Debug|x86.Build.0 = Debug|Any CPU
		{558C8A2F-DAF1-4E32-AD5A-F4BC02171118}.Release|Any CPU.ActiveCfg = Release|Any CPU
		{558C8A2F-DAF1-4E32-AD5A-F4BC02171118}.Release|Any CPU.Build.0 = Release|Any CPU
		{558C8A2F-DAF1-4E32-AD5A-F4BC02171118}.Release|x64.ActiveCfg = Release|Any CPU
		{558C8A2F-DAF1-4E32-AD5A-F4BC02171118}.Release|x64.Build.0 = Release|Any CPU
		{558C8A2F-DAF1-4E32-AD5A-F4BC02171118}.Release|x86.ActiveCfg = Release|Any CPU
		{558C8A2F-DAF1-4E32-AD5A-F4BC02171118}.Release|x86.Build.0 = Release|Any CPU
		{97C1561F-38FF-4994-9922-907E3328712F}.Debug|Any CPU.ActiveCfg = Debug|Any CPU
		{97C1561F-38FF-4994-9922-907E3328712F}.Debug|Any CPU.Build.0 = Debug|Any CPU
		{97C1561F-38FF-4994-9922-907E3328712F}.Debug|x64.ActiveCfg = Debug|Any CPU
		{97C1561F-38FF-4994-9922-907E3328712F}.Debug|x64.Build.0 = Debug|Any CPU
		{97C1561F-38FF-4994-9922-907E3328712F}.Debug|x86.ActiveCfg = Debug|Any CPU
		{97C1561F-38FF-4994-9922-907E3328712F}.Debug|x86.Build.0 = Debug|Any CPU
		{97C1561F-38FF-4994-9922-907E3328712F}.Release|Any CPU.ActiveCfg = Release|Any CPU
		{97C1561F-38FF-4994-9922-907E3328712F}.Release|Any CPU.Build.0 = Release|Any CPU
		{97C1561F-38FF-4994-9922-907E3328712F}.Release|x64.ActiveCfg = Release|Any CPU
		{97C1561F-38FF-4994-9922-907E3328712F}.Release|x64.Build.0 = Release|Any CPU
		{97C1561F-38FF-4994-9922-907E3328712F}.Release|x86.ActiveCfg = Release|Any CPU
		{97C1561F-38FF-4994-9922-907E3328712F}.Release|x86.Build.0 = Release|Any CPU
		{AF51E144-3131-4820-A51E-A8CDE6666FE0}.Debug|Any CPU.ActiveCfg = Debug|Any CPU
		{AF51E144-3131-4820-A51E-A8CDE6666FE0}.Debug|Any CPU.Build.0 = Debug|Any CPU
		{AF51E144-3131-4820-A51E-A8CDE6666FE0}.Debug|x64.ActiveCfg = Debug|Any CPU
		{AF51E144-3131-4820-A51E-A8CDE6666FE0}.Debug|x64.Build.0 = Debug|Any CPU
		{AF51E144-3131-4820-A51E-A8CDE6666FE0}.Debug|x86.ActiveCfg = Debug|Any CPU
		{AF51E144-3131-4820-A51E-A8CDE6666FE0}.Debug|x86.Build.0 = Debug|Any CPU
		{AF51E144-3131-4820-A51E-A8CDE6666FE0}.Release|Any CPU.ActiveCfg = Release|Any CPU
		{AF51E144-3131-4820-A51E-A8CDE6666FE0}.Release|Any CPU.Build.0 = Release|Any CPU
		{AF51E144-3131-4820-A51E-A8CDE6666FE0}.Release|x64.ActiveCfg = Release|Any CPU
		{AF51E144-3131-4820-A51E-A8CDE6666FE0}.Release|x64.Build.0 = Release|Any CPU
		{AF51E144-3131-4820-A51E-A8CDE6666FE0}.Release|x86.ActiveCfg = Release|Any CPU
		{AF51E144-3131-4820-A51E-A8CDE6666FE0}.Release|x86.Build.0 = Release|Any CPU
	EndGlobalSection
EndGlobal
