
Microsoft Visual Studio Solution File, Format Version 12.00
# Visual Studio 15
VisualStudioVersion = 15.0.26124.0
MinimumVisualStudioVersion = 15.0.26124.0
Project("{FAE04EC0-301F-11D3-BF4B-00C04F79EFBC}") = "GraphTraversal_DFS-BFS", "GraphTraversal_DFS-BFS\GraphTraversal_DFS-BFS.csproj", "{C27C10E6-8098-42F2-8E7B-EE45172EADD7}"
EndProject
Project("{FAE04EC0-301F-11D3-BF4B-00C04F79EFBC}") = "TopologicalSorting", "TopologicalSorting\TopologicalSorting.csproj", "{12E360AD-1CD1-4B7C-BBA1-A7B4655073D2}"
EndProject
Project("{FAE04EC0-301F-11D3-BF4B-00C04F79EFBC}") = "PrimAlgorithm", "PrimAlgorithm\PrimAlgorithm.csproj", "{0E10A042-1101-4050-947C-3EA3406416A7}"
EndProject
Project("{FAE04EC0-301F-11D3-BF4B-00C04F79EFBC}") = "KruskalAlgorithm", "KruskalAlgorithm\KruskalAlgorithm.csproj", "{50CF62FF-5562-4145-AD3F-3ED14884D49B}"
EndProject
Project("{FAE04EC0-301F-11D3-BF4B-00C04F79EFBC}") = "DistanceBetweenNodes", "DistanceBetweenNodes\DistanceBetweenNodes.csproj", "{B35D744A-818D-4CCF-A2EB-E661544ECD0D}"
EndProject
Project("{FAE04EC0-301F-11D3-BF4B-00C04F79EFBC}") = "DijkstraAlgorithm", "DijkstraAlgorithm\DijkstraAlgorithm.csproj", "{F5E870CF-8F6E-4A8E-93E2-31B4BD61EA71}"
EndProject
Global
	GlobalSection(SolutionConfigurationPlatforms) = preSolution
		Debug|Any CPU = Debug|Any CPU
		Debug|x64 = Debug|x64
		Debug|x86 = Debug|x86
		Release|Any CPU = Release|Any CPU
		Release|x64 = Release|x64
		Release|x86 = Release|x86
	EndGlobalSection
	GlobalSection(SolutionProperties) = preSolution
		HideSolutionNode = FALSE
	EndGlobalSection
	GlobalSection(ProjectConfigurationPlatforms) = postSolution
		{C27C10E6-8098-42F2-8E7B-EE45172EADD7}.Debug|Any CPU.ActiveCfg = Debug|Any CPU
		{C27C10E6-8098-42F2-8E7B-EE45172EADD7}.Debug|Any CPU.Build.0 = Debug|Any CPU
		{C27C10E6-8098-42F2-8E7B-EE45172EADD7}.Debug|x64.ActiveCfg = Debug|Any CPU
		{C27C10E6-8098-42F2-8E7B-EE45172EADD7}.Debug|x64.Build.0 = Debug|Any CPU
		{C27C10E6-8098-42F2-8E7B-EE45172EADD7}.Debug|x86.ActiveCfg = Debug|Any CPU
		{C27C10E6-8098-42F2-8E7B-EE45172EADD7}.Debug|x86.Build.0 = Debug|Any CPU
		{C27C10E6-8098-42F2-8E7B-EE45172EADD7}.Release|Any CPU.ActiveCfg = Release|Any CPU
		{C27C10E6-8098-42F2-8E7B-EE45172EADD7}.Release|Any CPU.Build.0 = Release|Any CPU
		{C27C10E6-8098-42F2-8E7B-EE45172EADD7}.Release|x64.ActiveCfg = Release|Any CPU
		{C27C10E6-8098-42F2-8E7B-EE45172EADD7}.Release|x64.Build.0 = Release|Any CPU
		{C27C10E6-8098-42F2-8E7B-EE45172EADD7}.Release|x86.ActiveCfg = Release|Any CPU
		{C27C10E6-8098-42F2-8E7B-EE45172EADD7}.Release|x86.Build.0 = Release|Any CPU
		{12E360AD-1CD1-4B7C-BBA1-A7B4655073D2}.Debug|Any CPU.ActiveCfg = Debug|Any CPU
		{12E360AD-1CD1-4B7C-BBA1-A7B4655073D2}.Debug|Any CPU.Build.0 = Debug|Any CPU
		{12E360AD-1CD1-4B7C-BBA1-A7B4655073D2}.Debug|x64.ActiveCfg = Debug|Any CPU
		{12E360AD-1CD1-4B7C-BBA1-A7B4655073D2}.Debug|x64.Build.0 = Debug|Any CPU
		{12E360AD-1CD1-4B7C-BBA1-A7B4655073D2}.Debug|x86.ActiveCfg = Debug|Any CPU
		{12E360AD-1CD1-4B7C-BBA1-A7B4655073D2}.Debug|x86.Build.0 = Debug|Any CPU
		{12E360AD-1CD1-4B7C-BBA1-A7B4655073D2}.Release|Any CPU.ActiveCfg = Release|Any CPU
		{12E360AD-1CD1-4B7C-BBA1-A7B4655073D2}.Release|Any CPU.Build.0 = Release|Any CPU
		{12E360AD-1CD1-4B7C-BBA1-A7B4655073D2}.Release|x64.ActiveCfg = Release|Any CPU
		{12E360AD-1CD1-4B7C-BBA1-A7B4655073D2}.Release|x64.Build.0 = Release|Any CPU
		{12E360AD-1CD1-4B7C-BBA1-A7B4655073D2}.Release|x86.ActiveCfg = Release|Any CPU
		{12E360AD-1CD1-4B7C-BBA1-A7B4655073D2}.Release|x86.Build.0 = Release|Any CPU
		{0E10A042-1101-4050-947C-3EA3406416A7}.Debug|Any CPU.ActiveCfg = Debug|Any CPU
		{0E10A042-1101-4050-947C-3EA3406416A7}.Debug|Any CPU.Build.0 = Debug|Any CPU
		{0E10A042-1101-4050-947C-3EA3406416A7}.Debug|x64.ActiveCfg = Debug|Any CPU
		{0E10A042-1101-4050-947C-3EA3406416A7}.Debug|x64.Build.0 = Debug|Any CPU
		{0E10A042-1101-4050-947C-3EA3406416A7}.Debug|x86.ActiveCfg = Debug|Any CPU
		{0E10A042-1101-4050-947C-3EA3406416A7}.Debug|x86.Build.0 = Debug|Any CPU
		{0E10A042-1101-4050-947C-3EA3406416A7}.Release|Any CPU.ActiveCfg = Release|Any CPU
		{0E10A042-1101-4050-947C-3EA3406416A7}.Release|Any CPU.Build.0 = Release|Any CPU
		{0E10A042-1101-4050-947C-3EA3406416A7}.Release|x64.ActiveCfg = Release|Any CPU
		{0E10A042-1101-4050-947C-3EA3406416A7}.Release|x64.Build.0 = Release|Any CPU
		{0E10A042-1101-4050-947C-3EA3406416A7}.Release|x86.ActiveCfg = Release|Any CPU
		{0E10A042-1101-4050-947C-3EA3406416A7}.Release|x86.Build.0 = Release|Any CPU
		{50CF62FF-5562-4145-AD3F-3ED14884D49B}.Debug|Any CPU.ActiveCfg = Debug|Any CPU
		{50CF62FF-5562-4145-AD3F-3ED14884D49B}.Debug|Any CPU.Build.0 = Debug|Any CPU
		{50CF62FF-5562-4145-AD3F-3ED14884D49B}.Debug|x64.ActiveCfg = Debug|Any CPU
		{50CF62FF-5562-4145-AD3F-3ED14884D49B}.Debug|x64.Build.0 = Debug|Any CPU
		{50CF62FF-5562-4145-AD3F-3ED14884D49B}.Debug|x86.ActiveCfg = Debug|Any CPU
		{50CF62FF-5562-4145-AD3F-3ED14884D49B}.Debug|x86.Build.0 = Debug|Any CPU
		{50CF62FF-5562-4145-AD3F-3ED14884D49B}.Release|Any CPU.ActiveCfg = Release|Any CPU
		{50CF62FF-5562-4145-AD3F-3ED14884D49B}.Release|Any CPU.Build.0 = Release|Any CPU
		{50CF62FF-5562-4145-AD3F-3ED14884D49B}.Release|x64.ActiveCfg = Release|Any CPU
		{50CF62FF-5562-4145-AD3F-3ED14884D49B}.Release|x64.Build.0 = Release|Any CPU
		{50CF62FF-5562-4145-AD3F-3ED14884D49B}.Release|x86.ActiveCfg = Release|Any CPU
		{50CF62FF-5562-4145-AD3F-3ED14884D49B}.Release|x86.Build.0 = Release|Any CPU
		{B35D744A-818D-4CCF-A2EB-E661544ECD0D}.Debug|Any CPU.ActiveCfg = Debug|Any CPU
		{B35D744A-818D-4CCF-A2EB-E661544ECD0D}.Debug|Any CPU.Build.0 = Debug|Any CPU
		{B35D744A-818D-4CCF-A2EB-E661544ECD0D}.Debug|x64.ActiveCfg = Debug|Any CPU
		{B35D744A-818D-4CCF-A2EB-E661544ECD0D}.Debug|x64.Build.0 = Debug|Any CPU
		{B35D744A-818D-4CCF-A2EB-E661544ECD0D}.Debug|x86.ActiveCfg = Debug|Any CPU
		{B35D744A-818D-4CCF-A2EB-E661544ECD0D}.Debug|x86.Build.0 = Debug|Any CPU
		{B35D744A-818D-4CCF-A2EB-E661544ECD0D}.Release|Any CPU.ActiveCfg = Release|Any CPU
		{B35D744A-818D-4CCF-A2EB-E661544ECD0D}.Release|Any CPU.Build.0 = Release|Any CPU
		{B35D744A-818D-4CCF-A2EB-E661544ECD0D}.Release|x64.ActiveCfg = Release|Any CPU
		{B35D744A-818D-4CCF-A2EB-E661544ECD0D}.Release|x64.Build.0 = Release|Any CPU
		{B35D744A-818D-4CCF-A2EB-E661544ECD0D}.Release|x86.ActiveCfg = Release|Any CPU
		{B35D744A-818D-4CCF-A2EB-E661544ECD0D}.Release|x86.Build.0 = Release|Any CPU
		{F5E870CF-8F6E-4A8E-93E2-31B4BD61EA71}.Debug|Any CPU.ActiveCfg = Debug|Any CPU
		{F5E870CF-8F6E-4A8E-93E2-31B4BD61EA71}.Debug|Any CPU.Build.0 = Debug|Any CPU
		{F5E870CF-8F6E-4A8E-93E2-31B4BD61EA71}.Debug|x64.ActiveCfg = Debug|Any CPU
		{F5E870CF-8F6E-4A8E-93E2-31B4BD61EA71}.Debug|x64.Build.0 = Debug|Any CPU
		{F5E870CF-8F6E-4A8E-93E2-31B4BD61EA71}.Debug|x86.ActiveCfg = Debug|Any CPU
		{F5E870CF-8F6E-4A8E-93E2-31B4BD61EA71}.Debug|x86.Build.0 = Debug|Any CPU
		{F5E870CF-8F6E-4A8E-93E2-31B4BD61EA71}.Release|Any CPU.ActiveCfg = Release|Any CPU
		{F5E870CF-8F6E-4A8E-93E2-31B4BD61EA71}.Release|Any CPU.Build.0 = Release|Any CPU
		{F5E870CF-8F6E-4A8E-93E2-31B4BD61EA71}.Release|x64.ActiveCfg = Release|Any CPU
		{F5E870CF-8F6E-4A8E-93E2-31B4BD61EA71}.Release|x64.Build.0 = Release|Any CPU
		{F5E870CF-8F6E-4A8E-93E2-31B4BD61EA71}.Release|x86.ActiveCfg = Release|Any CPU
		{F5E870CF-8F6E-4A8E-93E2-31B4BD61EA71}.Release|x86.Build.0 = Release|Any CPU
	EndGlobalSection
EndGlobal
