
Microsoft Visual Studio Solution File, Format Version 12.00
# Visual Studio 15
VisualStudioVersion = 15.0.26124.0
MinimumVisualStudioVersion = 15.0.26124.0
Project("{FAE04EC0-301F-11D3-BF4B-00C04F79EFBC}") = "Box", "Box\Box.csproj", "{A120BCE8-67DA-458D-9435-6BDC7617BE11}"
EndProject
Project("{FAE04EC0-301F-11D3-BF4B-00C04F79EFBC}") = "PickleJar", "PickleJar\PickleJar.csproj", "{B2E9D085-E2D6-47B8-B158-8EAC606A527E}"
EndProject
Project("{FAE04EC0-301F-11D3-BF4B-00C04F79EFBC}") = "GenericArrayCreator", "GenericArrayCreator\GenericArrayCreator.csproj", "{37D9F2B9-EBC2-49D6-9091-E831E5254F21}"
EndProject
Project("{FAE04EC0-301F-11D3-BF4B-00C04F79EFBC}") = "UniverasalScale", "UniverasalScale\UniverasalScale.csproj", "{D542D294-A241-46C5-AA29-4C7CF8385FE7}"
EndProject
Project("{FAE04EC0-301F-11D3-BF4B-00C04F79EFBC}") = "DetailedList", "DetailedList\DetailedList.csproj", "{D00D2A94-50DA-4143-A698-28DE2B70E179}"
EndProject
Global
	GlobalSection(SolutionConfigurationPlatforms) = preSolution
		Debug|Any CPU = Debug|Any CPU
		Debug|x64 = Debug|x64
		Debug|x86 = Debug|x86
		Release|Any CPU = Release|Any CPU
		Release|x64 = Release|x64
		Release|x86 = Release|x86
	EndGlobalSection
	GlobalSection(SolutionProperties) = preSolution
		HideSolutionNode = FALSE
	EndGlobalSection
	GlobalSection(ProjectConfigurationPlatforms) = postSolution
		{A120BCE8-67DA-458D-9435-6BDC7617BE11}.Debug|Any CPU.ActiveCfg = Debug|Any CPU
		{A120BCE8-67DA-458D-9435-6BDC7617BE11}.Debug|Any CPU.Build.0 = Debug|Any CPU
		{A120BCE8-67DA-458D-9435-6BDC7617BE11}.Debug|x64.ActiveCfg = Debug|Any CPU
		{A120BCE8-67DA-458D-9435-6BDC7617BE11}.Debug|x64.Build.0 = Debug|Any CPU
		{A120BCE8-67DA-458D-9435-6BDC7617BE11}.Debug|x86.ActiveCfg = Debug|Any CPU
		{A120BCE8-67DA-458D-9435-6BDC7617BE11}.Debug|x86.Build.0 = Debug|Any CPU
		{A120BCE8-67DA-458D-9435-6BDC7617BE11}.Release|Any CPU.ActiveCfg = Release|Any CPU
		{A120BCE8-67DA-458D-9435-6BDC7617BE11}.Release|Any CPU.Build.0 = Release|Any CPU
		{A120BCE8-67DA-458D-9435-6BDC7617BE11}.Release|x64.ActiveCfg = Release|Any CPU
		{A120BCE8-67DA-458D-9435-6BDC7617BE11}.Release|x64.Build.0 = Release|Any CPU
		{A120BCE8-67DA-458D-9435-6BDC7617BE11}.Release|x86.ActiveCfg = Release|Any CPU
		{A120BCE8-67DA-458D-9435-6BDC7617BE11}.Release|x86.Build.0 = Release|Any CPU
		{B2E9D085-E2D6-47B8-B158-8EAC606A527E}.Debug|Any CPU.ActiveCfg = Debug|Any CPU
		{B2E9D085-E2D6-47B8-B158-8EAC606A527E}.Debug|Any CPU.Build.0 = Debug|Any CPU
		{B2E9D085-E2D6-47B8-B158-8EAC606A527E}.Debug|x64.ActiveCfg = Debug|Any CPU
		{B2E9D085-E2D6-47B8-B158-8EAC606A527E}.Debug|x64.Build.0 = Debug|Any CPU
		{B2E9D085-E2D6-47B8-B158-8EAC606A527E}.Debug|x86.ActiveCfg = Debug|Any CPU
		{B2E9D085-E2D6-47B8-B158-8EAC606A527E}.Debug|x86.Build.0 = Debug|Any CPU
		{B2E9D085-E2D6-47B8-B158-8EAC606A527E}.Release|Any CPU.ActiveCfg = Release|Any CPU
		{B2E9D085-E2D6-47B8-B158-8EAC606A527E}.Release|Any CPU.Build.0 = Release|Any CPU
		{B2E9D085-E2D6-47B8-B158-8EAC606A527E}.Release|x64.ActiveCfg = Release|Any CPU
		{B2E9D085-E2D6-47B8-B158-8EAC606A527E}.Release|x64.Build.0 = Release|Any CPU
		{B2E9D085-E2D6-47B8-B158-8EAC606A527E}.Release|x86.ActiveCfg = Release|Any CPU
		{B2E9D085-E2D6-47B8-B158-8EAC606A527E}.Release|x86.Build.0 = Release|Any CPU
		{37D9F2B9-EBC2-49D6-9091-E831E5254F21}.Debug|Any CPU.ActiveCfg = Debug|Any CPU
		{37D9F2B9-EBC2-49D6-9091-E831E5254F21}.Debug|Any CPU.Build.0 = Debug|Any CPU
		{37D9F2B9-EBC2-49D6-9091-E831E5254F21}.Debug|x64.ActiveCfg = Debug|Any CPU
		{37D9F2B9-EBC2-49D6-9091-E831E5254F21}.Debug|x64.Build.0 = Debug|Any CPU
		{37D9F2B9-EBC2-49D6-9091-E831E5254F21}.Debug|x86.ActiveCfg = Debug|Any CPU
		{37D9F2B9-EBC2-49D6-9091-E831E5254F21}.Debug|x86.Build.0 = Debug|Any CPU
		{37D9F2B9-EBC2-49D6-9091-E831E5254F21}.Release|Any CPU.ActiveCfg = Release|Any CPU
		{37D9F2B9-EBC2-49D6-9091-E831E5254F21}.Release|Any CPU.Build.0 = Release|Any CPU
		{37D9F2B9-EBC2-49D6-9091-E831E5254F21}.Release|x64.ActiveCfg = Release|Any CPU
		{37D9F2B9-EBC2-49D6-9091-E831E5254F21}.Release|x64.Build.0 = Release|Any CPU
		{37D9F2B9-EBC2-49D6-9091-E831E5254F21}.Release|x86.ActiveCfg = Release|Any CPU
		{37D9F2B9-EBC2-49D6-9091-E831E5254F21}.Release|x86.Build.0 = Release|Any CPU
		{D542D294-A241-46C5-AA29-4C7CF8385FE7}.Debug|Any CPU.ActiveCfg = Debug|Any CPU
		{D542D294-A241-46C5-AA29-4C7CF8385FE7}.Debug|Any CPU.Build.0 = Debug|Any CPU
		{D542D294-A241-46C5-AA29-4C7CF8385FE7}.Debug|x64.ActiveCfg = Debug|Any CPU
		{D542D294-A241-46C5-AA29-4C7CF8385FE7}.Debug|x64.Build.0 = Debug|Any CPU
		{D542D294-A241-46C5-AA29-4C7CF8385FE7}.Debug|x86.ActiveCfg = Debug|Any CPU
		{D542D294-A241-46C5-AA29-4C7CF8385FE7}.Debug|x86.Build.0 = Debug|Any CPU
		{D542D294-A241-46C5-AA29-4C7CF8385FE7}.Release|Any CPU.ActiveCfg = Release|Any CPU
		{D542D294-A241-46C5-AA29-4C7CF8385FE7}.Release|Any CPU.Build.0 = Release|Any CPU
		{D542D294-A241-46C5-AA29-4C7CF8385FE7}.Release|x64.ActiveCfg = Release|Any CPU
		{D542D294-A241-46C5-AA29-4C7CF8385FE7}.Release|x64.Build.0 = Release|Any CPU
		{D542D294-A241-46C5-AA29-4C7CF8385FE7}.Release|x86.ActiveCfg = Release|Any CPU
		{D542D294-A241-46C5-AA29-4C7CF8385FE7}.Release|x86.Build.0 = Release|Any CPU
		{D00D2A94-50DA-4143-A698-28DE2B70E179}.Debug|Any CPU.ActiveCfg = Debug|Any CPU
		{D00D2A94-50DA-4143-A698-28DE2B70E179}.Debug|Any CPU.Build.0 = Debug|Any CPU
		{D00D2A94-50DA-4143-A698-28DE2B70E179}.Debug|x64.ActiveCfg = Debug|Any CPU
		{D00D2A94-50DA-4143-A698-28DE2B70E179}.Debug|x64.Build.0 = Debug|Any CPU
		{D00D2A94-50DA-4143-A698-28DE2B70E179}.Debug|x86.ActiveCfg = Debug|Any CPU
		{D00D2A94-50DA-4143-A698-28DE2B70E179}.Debug|x86.Build.0 = Debug|Any CPU
		{D00D2A94-50DA-4143-A698-28DE2B70E179}.Release|Any CPU.ActiveCfg = Release|Any CPU
		{D00D2A94-50DA-4143-A698-28DE2B70E179}.Release|Any CPU.Build.0 = Release|Any CPU
		{D00D2A94-50DA-4143-A698-28DE2B70E179}.Release|x64.ActiveCfg = Release|Any CPU
		{D00D2A94-50DA-4143-A698-28DE2B70E179}.Release|x64.Build.0 = Release|Any CPU
		{D00D2A94-50DA-4143-A698-28DE2B70E179}.Release|x86.ActiveCfg = Release|Any CPU
		{D00D2A94-50DA-4143-A698-28DE2B70E179}.Release|x86.Build.0 = Release|Any CPU
	EndGlobalSection
EndGlobal
