
Microsoft Visual Studio Solution File, Format Version 12.00
# Visual Studio Version 16
VisualStudioVersion = 16.0.30517.126
MinimumVisualStudioVersion = 10.0.40219.1
Project("{FAE04EC0-301F-11D3-BF4B-00C04F79EFBC}") = "CatASP.App", "CatASP.App\CatASP.App.csproj", "{3A9719CA-CB98-4444-836C-B688262DC93F}"
EndProject
Global
	GlobalSection(SolutionConfigurationPlatforms) = preSolution
		Debug|Any CPU = Debug|Any CPU
		Release|Any CPU = Release|Any CPU
	EndGlobalSection
	GlobalSection(ProjectConfigurationPlatforms) = postSolution
		{3A9719CA-CB98-4444-836C-B688262DC93F}.Debug|Any CPU.ActiveCfg = Debug|Any CPU
		{3A9719CA-CB98-4444-836C-B688262DC93F}.Debug|Any CPU.Build.0 = Debug|Any CPU
		{3A9719CA-CB98-4444-836C-B688262DC93F}.Release|Any CPU.ActiveCfg = Release|Any CPU
		{3A9719CA-CB98-4444-836C-B688262DC93F}.Release|Any CPU.Build.0 = Release|Any CPU
	EndGlobalSection
	GlobalSection(SolutionProperties) = preSolution
		HideSolutionNode = FALSE
	EndGlobalSection
	GlobalSection(ExtensibilityGlobals) = postSolution
		SolutionGuid = {A98AED5A-8DD0-481F-9CD0-95C603D635E1}
	EndGlobalSection
EndGlobal
